// !$*UTF8*$!
{
	archiveVersion = 1;
	classes = {
	};
	objectVersion = 48;
	objects = {

/* Begin PBXBuildFile section */
		38298CAB11A21295BCF12681 /* Pods_RemixMirror.framework in Frameworks */ = {isa = PBXBuildFile; fileRef = 2743F1A95EB6368B13A4E2CA /* Pods_RemixMirror.framework */; };
		C8DF4B211FBDE49200066C3B /* AppDelegate.swift in Sources */ = {isa = PBXBuildFile; fileRef = C8DF4B201FBDE49200066C3B /* AppDelegate.swift */; };
		C8DF4B231FBDE49200066C3B /* ViewController.swift in Sources */ = {isa = PBXBuildFile; fileRef = C8DF4B221FBDE49200066C3B /* ViewController.swift */; };
		C8DF4B261FBDE49200066C3B /* Main.storyboard in Resources */ = {isa = PBXBuildFile; fileRef = C8DF4B241FBDE49200066C3B /* Main.storyboard */; };
		C8DF4B281FBDE49200066C3B /* Assets.xcassets in Resources */ = {isa = PBXBuildFile; fileRef = C8DF4B271FBDE49200066C3B /* Assets.xcassets */; };
		C8DF4B2B1FBDE49200066C3B /* LaunchScreen.storyboard in Resources */ = {isa = PBXBuildFile; fileRef = C8DF4B291FBDE49200066C3B /* LaunchScreen.storyboard */; };
		C8DF4B361FBDE49200066C3B /* RemixMirrorTests.swift in Sources */ = {isa = PBXBuildFile; fileRef = C8DF4B351FBDE49200066C3B /* RemixMirrorTests.swift */; };
		C8DF4B4B1FBE3D5200066C3B /* Utility.swift in Sources */ = {isa = PBXBuildFile; fileRef = C8DF4B481FBE3D5200066C3B /* Utility.swift */; };
		C8DF4B4C1FBE3D5200066C3B /* Services.swift in Sources */ = {isa = PBXBuildFile; fileRef = C8DF4B491FBE3D5200066C3B /* Services.swift */; };
		C8DF4B4D1FBE3D5200066C3B /* Flows.swift in Sources */ = {isa = PBXBuildFile; fileRef = C8DF4B4A1FBE3D5200066C3B /* Flows.swift */; };
		C8DF4B4F1FBE3F0F00066C3B /* Views.swift in Sources */ = {isa = PBXBuildFile; fileRef = C8DF4B4E1FBE3F0F00066C3B /* Views.swift */; };
		C8DF4B511FBE442F00066C3B /* UseCases.swift in Sources */ = {isa = PBXBuildFile; fileRef = C8DF4B501FBE442F00066C3B /* UseCases.swift */; };
/* End PBXBuildFile section */

/* Begin PBXContainerItemProxy section */
		C8DF4B321FBDE49200066C3B /* PBXContainerItemProxy */ = {
			isa = PBXContainerItemProxy;
			containerPortal = C8DF4B151FBDE49200066C3B /* Project object */;
			proxyType = 1;
			remoteGlobalIDString = C8DF4B1C1FBDE49200066C3B;
			remoteInfo = RemixMirror;
		};
/* End PBXContainerItemProxy section */

/* Begin PBXFileReference section */
		2743F1A95EB6368B13A4E2CA /* Pods_RemixMirror.framework */ = {isa = PBXFileReference; explicitFileType = wrapper.framework; includeInIndex = 0; path = Pods_RemixMirror.framework; sourceTree = BUILT_PRODUCTS_DIR; };
		27E0BE89A98BECA2E543AF8E /* Pods-RemixMirror.release.xcconfig */ = {isa = PBXFileReference; includeInIndex = 1; lastKnownFileType = text.xcconfig; name = "Pods-RemixMirror.release.xcconfig"; path = "Pods/Target Support Files/Pods-RemixMirror/Pods-RemixMirror.release.xcconfig"; sourceTree = "<group>"; };
		A78FA4365652220F44578B97 /* Pods-RemixMirror.debug.xcconfig */ = {isa = PBXFileReference; includeInIndex = 1; lastKnownFileType = text.xcconfig; name = "Pods-RemixMirror.debug.xcconfig"; path = "Pods/Target Support Files/Pods-RemixMirror/Pods-RemixMirror.debug.xcconfig"; sourceTree = "<group>"; };
		C8DF4B1D1FBDE49200066C3B /* RemixMirror.app */ = {isa = PBXFileReference; explicitFileType = wrapper.application; includeInIndex = 0; path = RemixMirror.app; sourceTree = BUILT_PRODUCTS_DIR; };
		C8DF4B201FBDE49200066C3B /* AppDelegate.swift */ = {isa = PBXFileReference; lastKnownFileType = sourcecode.swift; path = AppDelegate.swift; sourceTree = "<group>"; };
		C8DF4B221FBDE49200066C3B /* ViewController.swift */ = {isa = PBXFileReference; lastKnownFileType = sourcecode.swift; path = ViewController.swift; sourceTree = "<group>"; };
		C8DF4B251FBDE49200066C3B /* Base */ = {isa = PBXFileReference; lastKnownFileType = file.storyboard; name = Base; path = Base.lproj/Main.storyboard; sourceTree = "<group>"; };
		C8DF4B271FBDE49200066C3B /* Assets.xcassets */ = {isa = PBXFileReference; lastKnownFileType = folder.assetcatalog; path = Assets.xcassets; sourceTree = "<group>"; };
		C8DF4B2A1FBDE49200066C3B /* Base */ = {isa = PBXFileReference; lastKnownFileType = file.storyboard; name = Base; path = Base.lproj/LaunchScreen.storyboard; sourceTree = "<group>"; };
		C8DF4B2C1FBDE49200066C3B /* Info.plist */ = {isa = PBXFileReference; lastKnownFileType = text.plist.xml; path = Info.plist; sourceTree = "<group>"; };
		C8DF4B311FBDE49200066C3B /* RemixMirrorTests.xctest */ = {isa = PBXFileReference; explicitFileType = wrapper.cfbundle; includeInIndex = 0; path = RemixMirrorTests.xctest; sourceTree = BUILT_PRODUCTS_DIR; };
		C8DF4B351FBDE49200066C3B /* RemixMirrorTests.swift */ = {isa = PBXFileReference; lastKnownFileType = sourcecode.swift; path = RemixMirrorTests.swift; sourceTree = "<group>"; };
		C8DF4B371FBDE49200066C3B /* Info.plist */ = {isa = PBXFileReference; lastKnownFileType = text.plist.xml; path = Info.plist; sourceTree = "<group>"; };
		C8DF4B481FBE3D5200066C3B /* Utility.swift */ = {isa = PBXFileReference; fileEncoding = 4; lastKnownFileType = sourcecode.swift; path = Utility.swift; sourceTree = "<group>"; };
		C8DF4B491FBE3D5200066C3B /* Services.swift */ = {isa = PBXFileReference; fileEncoding = 4; lastKnownFileType = sourcecode.swift; path = Services.swift; sourceTree = "<group>"; };
		C8DF4B4A1FBE3D5200066C3B /* Flows.swift */ = {isa = PBXFileReference; fileEncoding = 4; lastKnownFileType = sourcecode.swift; path = Flows.swift; sourceTree = "<group>"; };
		C8DF4B4E1FBE3F0F00066C3B /* Views.swift */ = {isa = PBXFileReference; lastKnownFileType = sourcecode.swift; path = Views.swift; sourceTree = "<group>"; };
		C8DF4B501FBE442F00066C3B /* UseCases.swift */ = {isa = PBXFileReference; lastKnownFileType = sourcecode.swift; path = UseCases.swift; sourceTree = "<group>"; };
/* End PBXFileReference section */

/* Begin PBXFrameworksBuildPhase section */
		C8DF4B1A1FBDE49200066C3B /* Frameworks */ = {
			isa = PBXFrameworksBuildPhase;
			buildActionMask = 2147483647;
			files = (
				38298CAB11A21295BCF12681 /* Pods_RemixMirror.framework in Frameworks */,
			);
			runOnlyForDeploymentPostprocessing = 0;
		};
		C8DF4B2E1FBDE49200066C3B /* Frameworks */ = {
			isa = PBXFrameworksBuildPhase;
			buildActionMask = 2147483647;
			files = (
			);
			runOnlyForDeploymentPostprocessing = 0;
		};
/* End PBXFrameworksBuildPhase section */

/* Begin PBXGroup section */
		01BE27B2D878A378E0BF6615 /* Pods */ = {
			isa = PBXGroup;
			children = (
				A78FA4365652220F44578B97 /* Pods-RemixMirror.debug.xcconfig */,
				27E0BE89A98BECA2E543AF8E /* Pods-RemixMirror.release.xcconfig */,
			);
			name = Pods;
			sourceTree = "<group>";
		};
		25F569CE08877F8ED17ED0A4 /* Frameworks */ = {
			isa = PBXGroup;
			children = (
				2743F1A95EB6368B13A4E2CA /* Pods_RemixMirror.framework */,
			);
			name = Frameworks;
			sourceTree = "<group>";
		};
		C8DF4B141FBDE49200066C3B = {
			isa = PBXGroup;
			children = (
				C8DF4B1F1FBDE49200066C3B /* RemixMirror */,
				C8DF4B341FBDE49200066C3B /* RemixMirrorTests */,
				C8DF4B1E1FBDE49200066C3B /* Products */,
				01BE27B2D878A378E0BF6615 /* Pods */,
				25F569CE08877F8ED17ED0A4 /* Frameworks */,
			);
			sourceTree = "<group>";
		};
		C8DF4B1E1FBDE49200066C3B /* Products */ = {
			isa = PBXGroup;
			children = (
				C8DF4B1D1FBDE49200066C3B /* RemixMirror.app */,
				C8DF4B311FBDE49200066C3B /* RemixMirrorTests.xctest */,
			);
			name = Products;
			sourceTree = "<group>";
		};
		C8DF4B1F1FBDE49200066C3B /* RemixMirror */ = {
			isa = PBXGroup;
			children = (
				C8DF4B201FBDE49200066C3B /* AppDelegate.swift */,
				C8DF4B221FBDE49200066C3B /* ViewController.swift */,
				C8DF4B471FBE3D5200066C3B /* Core */,
				C8DF4B241FBDE49200066C3B /* Main.storyboard */,
				C8DF4B271FBDE49200066C3B /* Assets.xcassets */,
				C8DF4B291FBDE49200066C3B /* LaunchScreen.storyboard */,
				C8DF4B2C1FBDE49200066C3B /* Info.plist */,
			);
			path = RemixMirror;
			sourceTree = "<group>";
		};
		C8DF4B341FBDE49200066C3B /* RemixMirrorTests */ = {
			isa = PBXGroup;
			children = (
				C8DF4B351FBDE49200066C3B /* RemixMirrorTests.swift */,
				C8DF4B371FBDE49200066C3B /* Info.plist */,
			);
			path = RemixMirrorTests;
			sourceTree = "<group>";
		};
		C8DF4B471FBE3D5200066C3B /* Core */ = {
			isa = PBXGroup;
			children = (
				C8DF4B4A1FBE3D5200066C3B /* Flows.swift */,
				C8DF4B4E1FBE3F0F00066C3B /* Views.swift */,
				C8DF4B501FBE442F00066C3B /* UseCases.swift */,
				C8DF4B491FBE3D5200066C3B /* Services.swift */,
				C8DF4B481FBE3D5200066C3B /* Utility.swift */,
			);
			path = Core;
			sourceTree = "<group>";
		};
/* End PBXGroup section */

/* Begin PBXNativeTarget section */
		C8DF4B1C1FBDE49200066C3B /* RemixMirror */ = {
			isa = PBXNativeTarget;
			buildConfigurationList = C8DF4B3A1FBDE49200066C3B /* Build configuration list for PBXNativeTarget "RemixMirror" */;
			buildPhases = (
				A1D63629C741744143A13436 /* [CP] Check Pods Manifest.lock */,
				C8DF4B191FBDE49200066C3B /* Sources */,
				C8DF4B1A1FBDE49200066C3B /* Frameworks */,
				C8DF4B1B1FBDE49200066C3B /* Resources */,
				CE7CF15991CDD30BEDDFC270 /* [CP] Embed Pods Frameworks */,
				5BC484EB8CCF0B4581666FBD /* [CP] Copy Pods Resources */,
			);
			buildRules = (
			);
			dependencies = (
			);
			name = RemixMirror;
			productName = RemixMirror;
			productReference = C8DF4B1D1FBDE49200066C3B /* RemixMirror.app */;
			productType = "com.apple.product-type.application";
		};
		C8DF4B301FBDE49200066C3B /* RemixMirrorTests */ = {
			isa = PBXNativeTarget;
			buildConfigurationList = C8DF4B3D1FBDE49200066C3B /* Build configuration list for PBXNativeTarget "RemixMirrorTests" */;
			buildPhases = (
				C8DF4B2D1FBDE49200066C3B /* Sources */,
				C8DF4B2E1FBDE49200066C3B /* Frameworks */,
				C8DF4B2F1FBDE49200066C3B /* Resources */,
			);
			buildRules = (
			);
			dependencies = (
				C8DF4B331FBDE49200066C3B /* PBXTargetDependency */,
			);
			name = RemixMirrorTests;
			productName = RemixMirrorTests;
			productReference = C8DF4B311FBDE49200066C3B /* RemixMirrorTests.xctest */;
			productType = "com.apple.product-type.bundle.unit-test";
		};
/* End PBXNativeTarget section */

/* Begin PBXProject section */
		C8DF4B151FBDE49200066C3B /* Project object */ = {
			isa = PBXProject;
			attributes = {
				LastSwiftUpdateCheck = 0910;
				LastUpgradeCheck = 0910;
				ORGANIZATIONNAME = Schibsted;
				TargetAttributes = {
					C8DF4B1C1FBDE49200066C3B = {
						CreatedOnToolsVersion = 9.1;
						ProvisioningStyle = Automatic;
					};
					C8DF4B301FBDE49200066C3B = {
						CreatedOnToolsVersion = 9.1;
						ProvisioningStyle = Automatic;
						TestTargetID = C8DF4B1C1FBDE49200066C3B;
					};
				};
			};
			buildConfigurationList = C8DF4B181FBDE49200066C3B /* Build configuration list for PBXProject "RemixMirror" */;
			compatibilityVersion = "Xcode 8.0";
			developmentRegion = en;
			hasScannedForEncodings = 0;
			knownRegions = (
				en,
				Base,
			);
			mainGroup = C8DF4B141FBDE49200066C3B;
			productRefGroup = C8DF4B1E1FBDE49200066C3B /* Products */;
			projectDirPath = "";
			projectRoot = "";
			targets = (
				C8DF4B1C1FBDE49200066C3B /* RemixMirror */,
				C8DF4B301FBDE49200066C3B /* RemixMirrorTests */,
			);
		};
/* End PBXProject section */

/* Begin PBXResourcesBuildPhase section */
		C8DF4B1B1FBDE49200066C3B /* Resources */ = {
			isa = PBXResourcesBuildPhase;
			buildActionMask = 2147483647;
			files = (
				C8DF4B2B1FBDE49200066C3B /* LaunchScreen.storyboard in Resources */,
				C8DF4B281FBDE49200066C3B /* Assets.xcassets in Resources */,
				C8DF4B261FBDE49200066C3B /* Main.storyboard in Resources */,
			);
			runOnlyForDeploymentPostprocessing = 0;
		};
		C8DF4B2F1FBDE49200066C3B /* Resources */ = {
			isa = PBXResourcesBuildPhase;
			buildActionMask = 2147483647;
			files = (
			);
			runOnlyForDeploymentPostprocessing = 0;
		};
/* End PBXResourcesBuildPhase section */

/* Begin PBXShellScriptBuildPhase section */
		5BC484EB8CCF0B4581666FBD /* [CP] Copy Pods Resources */ = {
			isa = PBXShellScriptBuildPhase;
			buildActionMask = 2147483647;
			files = (
			);
			inputPaths = (
			);
			name = "[CP] Copy Pods Resources";
			outputPaths = (
			);
			runOnlyForDeploymentPostprocessing = 0;
			shellPath = /bin/sh;
			shellScript = "\"${SRCROOT}/Pods/Target Support Files/Pods-RemixMirror/Pods-RemixMirror-resources.sh\"\n";
			showEnvVarsInLog = 0;
		};
		A1D63629C741744143A13436 /* [CP] Check Pods Manifest.lock */ = {
			isa = PBXShellScriptBuildPhase;
			buildActionMask = 2147483647;
			files = (
			);
			inputPaths = (
				"${PODS_PODFILE_DIR_PATH}/Podfile.lock",
				"${PODS_ROOT}/Manifest.lock",
			);
			name = "[CP] Check Pods Manifest.lock";
			outputPaths = (
				"$(DERIVED_FILE_DIR)/Pods-RemixMirror-checkManifestLockResult.txt",
			);
			runOnlyForDeploymentPostprocessing = 0;
			shellPath = /bin/sh;
			shellScript = "diff \"${PODS_PODFILE_DIR_PATH}/Podfile.lock\" \"${PODS_ROOT}/Manifest.lock\" > /dev/null\nif [ $? != 0 ] ; then\n    # print error to STDERR\n    echo \"error: The sandbox is not in sync with the Podfile.lock. Run 'pod install' or update your CocoaPods installation.\" >&2\n    exit 1\nfi\n# This output is used by Xcode 'outputs' to avoid re-running this script phase.\necho \"SUCCESS\" > \"${SCRIPT_OUTPUT_FILE_0}\"\n";
			showEnvVarsInLog = 0;
		};
		CE7CF15991CDD30BEDDFC270 /* [CP] Embed Pods Frameworks */ = {
			isa = PBXShellScriptBuildPhase;
			buildActionMask = 2147483647;
			files = (
			);
			inputPaths = (
				"${SRCROOT}/Pods/Target Support Files/Pods-RemixMirror/Pods-RemixMirror-frameworks.sh",
				"${BUILT_PRODUCTS_DIR}/Layout/Layout.framework",
			);
			name = "[CP] Embed Pods Frameworks";
			outputPaths = (
				"${TARGET_BUILD_DIR}/${FRAMEWORKS_FOLDER_PATH}/Layout.framework",
			);
			runOnlyForDeploymentPostprocessing = 0;
			shellPath = /bin/sh;
			shellScript = "\"${SRCROOT}/Pods/Target Support Files/Pods-RemixMirror/Pods-RemixMirror-frameworks.sh\"\n";
			showEnvVarsInLog = 0;
		};
/* End PBXShellScriptBuildPhase section */

/* Begin PBXSourcesBuildPhase section */
		C8DF4B191FBDE49200066C3B /* Sources */ = {
			isa = PBXSourcesBuildPhase;
			buildActionMask = 2147483647;
			files = (
				C8DF4B231FBDE49200066C3B /* ViewController.swift in Sources */,
				C8DF4B4D1FBE3D5200066C3B /* Flows.swift in Sources */,
				C8DF4B511FBE442F00066C3B /* UseCases.swift in Sources */,
				C8DF4B4F1FBE3F0F00066C3B /* Views.swift in Sources */,
				C8DF4B211FBDE49200066C3B /* AppDelegate.swift in Sources */,
				C8DF4B4B1FBE3D5200066C3B /* Utility.swift in Sources */,
				C8DF4B4C1FBE3D5200066C3B /* Services.swift in Sources */,
			);
			runOnlyForDeploymentPostprocessing = 0;
		};
		C8DF4B2D1FBDE49200066C3B /* Sources */ = {
			isa = PBXSourcesBuildPhase;
			buildActionMask = 2147483647;
			files = (
				C8DF4B361FBDE49200066C3B /* RemixMirrorTests.swift in Sources */,
			);
			runOnlyForDeploymentPostprocessing = 0;
		};
/* End PBXSourcesBuildPhase section */

/* Begin PBXTargetDependency section */
		C8DF4B331FBDE49200066C3B /* PBXTargetDependency */ = {
			isa = PBXTargetDependency;
			target = C8DF4B1C1FBDE49200066C3B /* RemixMirror */;
			targetProxy = C8DF4B321FBDE49200066C3B /* PBXContainerItemProxy */;
		};
/* End PBXTargetDependency section */

/* Begin PBXVariantGroup section */
		C8DF4B241FBDE49200066C3B /* Main.storyboard */ = {
			isa = PBXVariantGroup;
			children = (
				C8DF4B251FBDE49200066C3B /* Base */,
			);
			name = Main.storyboard;
			sourceTree = "<group>";
		};
		C8DF4B291FBDE49200066C3B /* LaunchScreen.storyboard */ = {
			isa = PBXVariantGroup;
			children = (
				C8DF4B2A1FBDE49200066C3B /* Base */,
			);
			name = LaunchScreen.storyboard;
			sourceTree = "<group>";
		};
/* End PBXVariantGroup section */

/* Begin XCBuildConfiguration section */
		C8DF4B381FBDE49200066C3B /* Debug */ = {
			isa = XCBuildConfiguration;
			buildSettings = {
				ALWAYS_SEARCH_USER_PATHS = NO;
				CLANG_ANALYZER_NONNULL = YES;
				CLANG_ANALYZER_NUMBER_OBJECT_CONVERSION = YES_AGGRESSIVE;
				CLANG_CXX_LANGUAGE_STANDARD = "gnu++14";
				CLANG_CXX_LIBRARY = "libc++";
				CLANG_ENABLE_MODULES = YES;
				CLANG_ENABLE_OBJC_ARC = YES;
				CLANG_WARN_BLOCK_CAPTURE_AUTORELEASING = YES;
				CLANG_WARN_BOOL_CONVERSION = YES;
				CLANG_WARN_COMMA = YES;
				CLANG_WARN_CONSTANT_CONVERSION = YES;
				CLANG_WARN_DIRECT_OBJC_ISA_USAGE = YES_ERROR;
				CLANG_WARN_DOCUMENTATION_COMMENTS = YES;
				CLANG_WARN_EMPTY_BODY = YES;
				CLANG_WARN_ENUM_CONVERSION = YES;
				CLANG_WARN_INFINITE_RECURSION = YES;
				CLANG_WARN_INT_CONVERSION = YES;
				CLANG_WARN_NON_LITERAL_NULL_CONVERSION = YES;
				CLANG_WARN_OBJC_LITERAL_CONVERSION = YES;
				CLANG_WARN_OBJC_ROOT_CLASS = YES_ERROR;
				CLANG_WARN_RANGE_LOOP_ANALYSIS = YES;
				CLANG_WARN_STRICT_PROTOTYPES = YES;
				CLANG_WARN_SUSPICIOUS_MOVE = YES;
				CLANG_WARN_UNGUARDED_AVAILABILITY = YES_AGGRESSIVE;
				CLANG_WARN_UNREACHABLE_CODE = YES;
				CLANG_WARN__DUPLICATE_METHOD_MATCH = YES;
				CODE_SIGN_IDENTITY = "iPhone Developer";
				COPY_PHASE_STRIP = NO;
				DEBUG_INFORMATION_FORMAT = dwarf;
				ENABLE_STRICT_OBJC_MSGSEND = YES;
				ENABLE_TESTABILITY = YES;
				GCC_C_LANGUAGE_STANDARD = gnu11;
				GCC_DYNAMIC_NO_PIC = NO;
				GCC_NO_COMMON_BLOCKS = YES;
				GCC_OPTIMIZATION_LEVEL = 0;
				GCC_PREPROCESSOR_DEFINITIONS = (
					"DEBUG=1",
					"$(inherited)",
				);
				GCC_WARN_64_TO_32_BIT_CONVERSION = YES;
				GCC_WARN_ABOUT_RETURN_TYPE = YES_ERROR;
				GCC_WARN_UNDECLARED_SELECTOR = YES;
				GCC_WARN_UNINITIALIZED_AUTOS = YES_AGGRESSIVE;
				GCC_WARN_UNUSED_FUNCTION = YES;
				GCC_WARN_UNUSED_VARIABLE = YES;
				IPHONEOS_DEPLOYMENT_TARGET = 11.1;
				MTL_ENABLE_DEBUG_INFO = YES;
				ONLY_ACTIVE_ARCH = YES;
				SDKROOT = iphoneos;
				SWIFT_ACTIVE_COMPILATION_CONDITIONS = DEBUG;
				SWIFT_OPTIMIZATION_LEVEL = "-Onone";
			};
			name = Debug;
		};
		C8DF4B391FBDE49200066C3B /* Release */ = {
			isa = XCBuildConfiguration;
			buildSettings = {
				ALWAYS_SEARCH_USER_PATHS = NO;
				CLANG_ANALYZER_NONNULL = YES;
				CLANG_ANALYZER_NUMBER_OBJECT_CONVERSION = YES_AGGRESSIVE;
				CLANG_CXX_LANGUAGE_STANDARD = "gnu++14";
				CLANG_CXX_LIBRARY = "libc++";
				CLANG_ENABLE_MODULES = YES;
				CLANG_ENABLE_OBJC_ARC = YES;
				CLANG_WARN_BLOCK_CAPTURE_AUTORELEASING = YES;
				CLANG_WARN_BOOL_CONVERSION = YES;
				CLANG_WARN_COMMA = YES;
				CLANG_WARN_CONSTANT_CONVERSION = YES;
				CLANG_WARN_DIRECT_OBJC_ISA_USAGE = YES_ERROR;
				CLANG_WARN_DOCUMENTATION_COMMENTS = YES;
				CLANG_WARN_EMPTY_BODY = YES;
				CLANG_WARN_ENUM_CONVERSION = YES;
				CLANG_WARN_INFINITE_RECURSION = YES;
				CLANG_WARN_INT_CONVERSION = YES;
				CLANG_WARN_NON_LITERAL_NULL_CONVERSION = YES;
				CLANG_WARN_OBJC_LITERAL_CONVERSION = YES;
				CLANG_WARN_OBJC_ROOT_CLASS = YES_ERROR;
				CLANG_WARN_RANGE_LOOP_ANALYSIS = YES;
				CLANG_WARN_STRICT_PROTOTYPES = YES;
				CLANG_WARN_SUSPICIOUS_MOVE = YES;
				CLANG_WARN_UNGUARDED_AVAILABILITY = YES_AGGRESSIVE;
				CLANG_WARN_UNREACHABLE_CODE = YES;
				CLANG_WARN__DUPLICATE_METHOD_MATCH = YES;
				CODE_SIGN_IDENTITY = "iPhone Developer";
				COPY_PHASE_STRIP = NO;
				DEBUG_INFORMATION_FORMAT = "dwarf-with-dsym";
				ENABLE_NS_ASSERTIONS = NO;
				ENABLE_STRICT_OBJC_MSGSEND = YES;
				GCC_C_LANGUAGE_STANDARD = gnu11;
				GCC_NO_COMMON_BLOCKS = YES;
				GCC_WARN_64_TO_32_BIT_CONVERSION = YES;
				GCC_WARN_ABOUT_RETURN_TYPE = YES_ERROR;
				GCC_WARN_UNDECLARED_SELECTOR = YES;
				GCC_WARN_UNINITIALIZED_AUTOS = YES_AGGRESSIVE;
				GCC_WARN_UNUSED_FUNCTION = YES;
				GCC_WARN_UNUSED_VARIABLE = YES;
				IPHONEOS_DEPLOYMENT_TARGET = 11.1;
				MTL_ENABLE_DEBUG_INFO = NO;
				SDKROOT = iphoneos;
				SWIFT_OPTIMIZATION_LEVEL = "-Owholemodule";
				VALIDATE_PRODUCT = YES;
			};
			name = Release;
		};
		C8DF4B3B1FBDE49200066C3B /* Debug */ = {
			isa = XCBuildConfiguration;
			baseConfigurationReference = A78FA4365652220F44578B97 /* Pods-RemixMirror.debug.xcconfig */;
			buildSettings = {
				ASSETCATALOG_COMPILER_APPICON_NAME = AppIcon;
				CODE_SIGN_STYLE = Automatic;
				DEVELOPMENT_TEAM = 3H86HRS574;
				INFOPLIST_FILE = RemixMirror/Info.plist;
				LD_RUNPATH_SEARCH_PATHS = "$(inherited) @executable_path/Frameworks";
				PRODUCT_BUNDLE_IDENTIFIER = com.schibsted.RemixMirror;
				PRODUCT_NAME = "$(TARGET_NAME)";
				SWIFT_VERSION = 4.0;
				TARGETED_DEVICE_FAMILY = "1,2";
			};
			name = Debug;
		};
		C8DF4B3C1FBDE49200066C3B /* Release */ = {
			isa = XCBuildConfiguration;
			baseConfigurationReference = 27E0BE89A98BECA2E543AF8E /* Pods-RemixMirror.release.xcconfig */;
			buildSettings = {
				ASSETCATALOG_COMPILER_APPICON_NAME = AppIcon;
				CODE_SIGN_STYLE = Automatic;
				DEVELOPMENT_TEAM = 3H86HRS574;
				INFOPLIST_FILE = RemixMirror/Info.plist;
				LD_RUNPATH_SEARCH_PATHS = "$(inherited) @executable_path/Frameworks";
				PRODUCT_BUNDLE_IDENTIFIER = com.schibsted.RemixMirror;
				PRODUCT_NAME = "$(TARGET_NAME)";
				SWIFT_VERSION = 4.0;
				TARGETED_DEVICE_FAMILY = "1,2";
			};
			name = Release;
		};
		C8DF4B3E1FBDE49200066C3B /* Debug */ = {
			isa = XCBuildConfiguration;
			buildSettings = {
				ALWAYS_EMBED_SWIFT_STANDARD_LIBRARIES = YES;
				BUNDLE_LOADER = "$(TEST_HOST)";
				CODE_SIGN_STYLE = Automatic;
				DEVELOPMENT_TEAM = 3H86HRS574;
				INFOPLIST_FILE = RemixMirrorTests/Info.plist;
				LD_RUNPATH_SEARCH_PATHS = "$(inherited) @executable_path/Frameworks @loader_path/Frameworks";
				PRODUCT_BUNDLE_IDENTIFIER = com.schibsted.RemixMirrorTests;
				PRODUCT_NAME = "$(TARGET_NAME)";
				SWIFT_VERSION = 4.0;
				TARGETED_DEVICE_FAMILY = "1,2";
				TEST_HOST = "$(BUILT_PRODUCTS_DIR)/RemixMirror.app/RemixMirror";
			};
			name = Debug;
		};
		C8DF4B3F1FBDE49200066C3B /* Release */ = {
			isa = XCBuildConfiguration;
			buildSettings = {
				ALWAYS_EMBED_SWIFT_STANDARD_LIBRARIES = YES;
				BUNDLE_LOADER = "$(TEST_HOST)";
				CODE_SIGN_STYLE = Automatic;
				DEVELOPMENT_TEAM = 3H86HRS574;
				INFOPLIST_FILE = RemixMirrorTests/Info.plist;
				LD_RUNPATH_SEARCH_PATHS = "$(inherited) @executable_path/Frameworks @loader_path/Frameworks";
				PRODUCT_BUNDLE_IDENTIFIER = com.schibsted.RemixMirrorTests;
				PRODUCT_NAME = "$(TARGET_NAME)";
				SWIFT_VERSION = 4.0;
				TARGETED_DEVICE_FAMILY = "1,2";
				TEST_HOST = "$(BUILT_PRODUCTS_DIR)/RemixMirror.app/RemixMirror";
			};
			name = Release;
		};
/* End XCBuildConfiguration section */

/* Begin XCConfigurationList section */
		C8DF4B181FBDE49200066C3B /* Build configuration list for PBXProject "RemixMirror" */ = {
			isa = XCConfigurationList;
			buildConfigurations = (
				C8DF4B381FBDE49200066C3B /* Debug */,
				C8DF4B391FBDE49200066C3B /* Release */,
			);
			defaultConfigurationIsVisible = 0;
			defaultConfigurationName = Release;
		};
		C8DF4B3A1FBDE49200066C3B /* Build configuration list for PBXNativeTarget "RemixMirror" */ = {
			isa = XCConfigurationList;
			buildConfigurations = (
				C8DF4B3B1FBDE49200066C3B /* Debug */,
				C8DF4B3C1FBDE49200066C3B /* Release */,
			);
			defaultConfigurationIsVisible = 0;
			defaultConfigurationName = Release;
		};
		C8DF4B3D1FBDE49200066C3B /* Build configuration list for PBXNativeTarget "RemixMirrorTests" */ = {
			isa = XCConfigurationList;
			buildConfigurations = (
				C8DF4B3E1FBDE49200066C3B /* Debug */,
				C8DF4B3F1FBDE49200066C3B /* Release */,
			);
			defaultConfigurationIsVisible = 0;
			defaultConfigurationName = Release;
		};
/* End XCConfigurationList section */
	};
	rootObject = C8DF4B151FBDE49200066C3B /* Project object */;
}
