// !$*UTF8*$!
{
	archiveVersion = 1;
	classes = {
	};
	objectVersion = 48;
	objects = {

/* Begin PBXBuildFile section */
		38298CAB11A21295BCF12681 /* Pods_RemixMirror.framework in Frameworks */ = {isa = PBXBuildFile; fileRef = 2743F1A95EB6368B13A4E2CA /* Pods_RemixMirror.framework */; };
		737F26130D57BE8A15A17003 /* Pods_AcceptanceTests.framework in Frameworks */ = {isa = PBXBuildFile; fileRef = 3DF04715C468EB8DD9C1A2AF /* Pods_AcceptanceTests.framework */; };
		C84CA6F91FC0EB25004BBF8C /* StarDetailViewController.swift in Sources */ = {isa = PBXBuildFile; fileRef = C84CA6F81FC0EB25004BBF8C /* StarDetailViewController.swift */; };
		C84CA6FB1FC0EB3A004BBF8C /* StarLoadingViewController.swift in Sources */ = {isa = PBXBuildFile; fileRef = C84CA6FA1FC0EB3A004BBF8C /* StarLoadingViewController.swift */; };
		C84CA6FD1FC0EB43004BBF8C /* StarErrorViewController.swift in Sources */ = {isa = PBXBuildFile; fileRef = C84CA6FC1FC0EB43004BBF8C /* StarErrorViewController.swift */; };
		C84CA6FF1FC0EB4F004BBF8C /* StarListViewController.swift in Sources */ = {isa = PBXBuildFile; fileRef = C84CA6FE1FC0EB4F004BBF8C /* StarListViewController.swift */; };
		C84CA7011FC0EC6F004BBF8C /* NasaStarGateway.swift in Sources */ = {isa = PBXBuildFile; fileRef = C84CA7001FC0EC6F004BBF8C /* NasaStarGateway.swift */; };
		C84CA7031FC0EC84004BBF8C /* StarListViewSpy.swift in Sources */ = {isa = PBXBuildFile; fileRef = C84CA7021FC0EC84004BBF8C /* StarListViewSpy.swift */; };
		C84CA7051FC0EC91004BBF8C /* StarLoadingViewSpy.swift in Sources */ = {isa = PBXBuildFile; fileRef = C84CA7041FC0EC91004BBF8C /* StarLoadingViewSpy.swift */; };
		C84CA7071FC0EC9E004BBF8C /* StarErrorViewSpy.swift in Sources */ = {isa = PBXBuildFile; fileRef = C84CA7061FC0EC9E004BBF8C /* StarErrorViewSpy.swift */; };
		C84CA7091FC0ECA7004BBF8C /* StarDetailViewSpy.swift in Sources */ = {isa = PBXBuildFile; fileRef = C84CA7081FC0ECA7004BBF8C /* StarDetailViewSpy.swift */; };
		C84CA70B1FC0ECB4004BBF8C /* StarGatewayStub.swift in Sources */ = {isa = PBXBuildFile; fileRef = C84CA70A1FC0ECB4004BBF8C /* StarGatewayStub.swift */; };
		C84CA70D1FC0EEDA004BBF8C /* Star.swift in Sources */ = {isa = PBXBuildFile; fileRef = C84CA70C1FC0EEDA004BBF8C /* Star.swift */; };
		C84CA70F1FC0EF1C004BBF8C /* StarListView.swift in Sources */ = {isa = PBXBuildFile; fileRef = C84CA70E1FC0EF1C004BBF8C /* StarListView.swift */; };
		C84CA7111FC0EF2F004BBF8C /* StarLoadingView.swift in Sources */ = {isa = PBXBuildFile; fileRef = C84CA7101FC0EF2F004BBF8C /* StarLoadingView.swift */; };
		C84CA7131FC0EF42004BBF8C /* StarErrorView.swift in Sources */ = {isa = PBXBuildFile; fileRef = C84CA7121FC0EF42004BBF8C /* StarErrorView.swift */; };
		C84CA7151FC0EF67004BBF8C /* ObservableStarsUseCase.swift in Sources */ = {isa = PBXBuildFile; fileRef = C84CA7141FC0EF67004BBF8C /* ObservableStarsUseCase.swift */; };
		C84CA7191FC0EFC5004BBF8C /* StarGateway.swift in Sources */ = {isa = PBXBuildFile; fileRef = C84CA7181FC0EFC5004BBF8C /* StarGateway.swift */; };
		C84CA7291FC0F183004BBF8C /* AcceptanceTests.m in Sources */ = {isa = PBXBuildFile; fileRef = C84CA7281FC0F183004BBF8C /* AcceptanceTests.m */; };
		C84CA7361FC0F30A004BBF8C /* main.m in Sources */ = {isa = PBXBuildFile; fileRef = C84CA7351FC0F30A004BBF8C /* main.m */; };
		C84CA7391FC0F65E004BBF8C /* NavigationWireframe.swift in Sources */ = {isa = PBXBuildFile; fileRef = C84CA7381FC0F65E004BBF8C /* NavigationWireframe.swift */; };
		C84CA73D1FC0F697004BBF8C /* NavigationWireframeDouble.swift in Sources */ = {isa = PBXBuildFile; fileRef = C84CA73C1FC0F697004BBF8C /* NavigationWireframeDouble.swift */; };
		C84CA73F1FC0F6C6004BBF8C /* UINavigationControllerWireframe.swift in Sources */ = {isa = PBXBuildFile; fileRef = C84CA73E1FC0F6C6004BBF8C /* UINavigationControllerWireframe.swift */; };
		C84CA7421FC0F812004BBF8C /* RootFlow.swift in Sources */ = {isa = PBXBuildFile; fileRef = C877852D1FC0EA2400616B15 /* RootFlow.swift */; };
		C84CA7431FC0F815004BBF8C /* StarBrowserFlow.swift in Sources */ = {isa = PBXBuildFile; fileRef = C8DF4B4A1FBE3D5200066C3B /* StarBrowserFlow.swift */; };
		C84CA7441FC0F81B004BBF8C /* StarListView.swift in Sources */ = {isa = PBXBuildFile; fileRef = C84CA70E1FC0EF1C004BBF8C /* StarListView.swift */; };
		C84CA7451FC0F81B004BBF8C /* StarLoadingView.swift in Sources */ = {isa = PBXBuildFile; fileRef = C84CA7101FC0EF2F004BBF8C /* StarLoadingView.swift */; };
		C84CA7461FC0F81B004BBF8C /* StarErrorView.swift in Sources */ = {isa = PBXBuildFile; fileRef = C84CA7121FC0EF42004BBF8C /* StarErrorView.swift */; };
		C84CA7471FC0F81B004BBF8C /* StarDetailView.swift in Sources */ = {isa = PBXBuildFile; fileRef = C8DF4B4E1FBE3F0F00066C3B /* StarDetailView.swift */; };
		C84CA7481FC0F81B004BBF8C /* StarListViewSpy.swift in Sources */ = {isa = PBXBuildFile; fileRef = C84CA7021FC0EC84004BBF8C /* StarListViewSpy.swift */; };
		C84CA7491FC0F81B004BBF8C /* StarLoadingViewSpy.swift in Sources */ = {isa = PBXBuildFile; fileRef = C84CA7041FC0EC91004BBF8C /* StarLoadingViewSpy.swift */; };
		C84CA74A1FC0F81B004BBF8C /* StarErrorViewSpy.swift in Sources */ = {isa = PBXBuildFile; fileRef = C84CA7061FC0EC9E004BBF8C /* StarErrorViewSpy.swift */; };
		C84CA74B1FC0F81B004BBF8C /* StarDetailViewSpy.swift in Sources */ = {isa = PBXBuildFile; fileRef = C84CA7081FC0ECA7004BBF8C /* StarDetailViewSpy.swift */; };
		C84CA74C1FC0F822004BBF8C /* ObservableStarsUseCase.swift in Sources */ = {isa = PBXBuildFile; fileRef = C84CA7141FC0EF67004BBF8C /* ObservableStarsUseCase.swift */; };
		C84CA74D1FC0F822004BBF8C /* ViewStarUseCase.swift in Sources */ = {isa = PBXBuildFile; fileRef = C8DF4B501FBE442F00066C3B /* ViewStarUseCase.swift */; };
		C84CA74E1FC0F828004BBF8C /* StarService.swift in Sources */ = {isa = PBXBuildFile; fileRef = C8DF4B491FBE3D5200066C3B /* StarService.swift */; };
		C84CA74F1FC0F828004BBF8C /* StarGateway.swift in Sources */ = {isa = PBXBuildFile; fileRef = C84CA7181FC0EFC5004BBF8C /* StarGateway.swift */; };
		C84CA7501FC0F828004BBF8C /* StarGatewayStub.swift in Sources */ = {isa = PBXBuildFile; fileRef = C84CA70A1FC0ECB4004BBF8C /* StarGatewayStub.swift */; };
		C84CA7511FC0F82E004BBF8C /* Star.swift in Sources */ = {isa = PBXBuildFile; fileRef = C84CA70C1FC0EEDA004BBF8C /* Star.swift */; };
		C84CA7531FC0F834004BBF8C /* NavigationWireframe.swift in Sources */ = {isa = PBXBuildFile; fileRef = C84CA7381FC0F65E004BBF8C /* NavigationWireframe.swift */; };
		C84CA7541FC0F834004BBF8C /* NavigationWireframeDouble.swift in Sources */ = {isa = PBXBuildFile; fileRef = C84CA73C1FC0F697004BBF8C /* NavigationWireframeDouble.swift */; };
		C84CA7551FC0F83A004BBF8C /* Utility.swift in Sources */ = {isa = PBXBuildFile; fileRef = C8DF4B481FBE3D5200066C3B /* Utility.swift */; };
		C86753771FC0FD4B00F036CD /* GivenTheWebServiceReturnsTheseStars.swift in Sources */ = {isa = PBXBuildFile; fileRef = C86753761FC0FD4B00F036CD /* GivenTheWebServiceReturnsTheseStars.swift */; };
		C86753791FC0FF4100F036CD /* TheStarBrowserListsTheseStars.swift in Sources */ = {isa = PBXBuildFile; fileRef = C86753781FC0FF4100F036CD /* TheStarBrowserListsTheseStars.swift */; };
		C867537B1FC1016A00F036CD /* StarBrowserViewFactory.swift in Sources */ = {isa = PBXBuildFile; fileRef = C867537A1FC1016A00F036CD /* StarBrowserViewFactory.swift */; };
		C867537C1FC1016A00F036CD /* StarBrowserViewFactory.swift in Sources */ = {isa = PBXBuildFile; fileRef = C867537A1FC1016A00F036CD /* StarBrowserViewFactory.swift */; };
		C867537E1FC1020600F036CD /* StarBrowserViewDoubleFactory.swift in Sources */ = {isa = PBXBuildFile; fileRef = C867537D1FC1020600F036CD /* StarBrowserViewDoubleFactory.swift */; };
		C86753801FC1027200F036CD /* StarBrowserViewControllerFactory.swift in Sources */ = {isa = PBXBuildFile; fileRef = C867537F1FC1027200F036CD /* StarBrowserViewControllerFactory.swift */; };
		C877852E1FC0EA2400616B15 /* RootFlow.swift in Sources */ = {isa = PBXBuildFile; fileRef = C877852D1FC0EA2400616B15 /* RootFlow.swift */; };
		C8DF4B211FBDE49200066C3B /* AppDelegate.swift in Sources */ = {isa = PBXBuildFile; fileRef = C8DF4B201FBDE49200066C3B /* AppDelegate.swift */; };
		C8DF4B281FBDE49200066C3B /* Assets.xcassets in Resources */ = {isa = PBXBuildFile; fileRef = C8DF4B271FBDE49200066C3B /* Assets.xcassets */; };
		C8DF4B2B1FBDE49200066C3B /* LaunchScreen.storyboard in Resources */ = {isa = PBXBuildFile; fileRef = C8DF4B291FBDE49200066C3B /* LaunchScreen.storyboard */; };
		C8DF4B361FBDE49200066C3B /* RemixMirrorTests.swift in Sources */ = {isa = PBXBuildFile; fileRef = C8DF4B351FBDE49200066C3B /* RemixMirrorTests.swift */; };
		C8DF4B4B1FBE3D5200066C3B /* Utility.swift in Sources */ = {isa = PBXBuildFile; fileRef = C8DF4B481FBE3D5200066C3B /* Utility.swift */; };
		C8DF4B4C1FBE3D5200066C3B /* StarService.swift in Sources */ = {isa = PBXBuildFile; fileRef = C8DF4B491FBE3D5200066C3B /* StarService.swift */; };
		C8DF4B4D1FBE3D5200066C3B /* StarBrowserFlow.swift in Sources */ = {isa = PBXBuildFile; fileRef = C8DF4B4A1FBE3D5200066C3B /* StarBrowserFlow.swift */; };
		C8DF4B4F1FBE3F0F00066C3B /* StarDetailView.swift in Sources */ = {isa = PBXBuildFile; fileRef = C8DF4B4E1FBE3F0F00066C3B /* StarDetailView.swift */; };
		C8DF4B511FBE442F00066C3B /* ViewStarUseCase.swift in Sources */ = {isa = PBXBuildFile; fileRef = C8DF4B501FBE442F00066C3B /* ViewStarUseCase.swift */; };
/* End PBXBuildFile section */

/* Begin PBXContainerItemProxy section */
		C8DF4B321FBDE49200066C3B /* PBXContainerItemProxy */ = {
			isa = PBXContainerItemProxy;
			containerPortal = C8DF4B151FBDE49200066C3B /* Project object */;
			proxyType = 1;
			remoteGlobalIDString = C8DF4B1C1FBDE49200066C3B;
			remoteInfo = RemixMirror;
		};
/* End PBXContainerItemProxy section */

/* Begin PBXFileReference section */
		187D09EB2F9BF5D3CC611B7D /* Pods-AcceptanceTests.release.xcconfig */ = {isa = PBXFileReference; includeInIndex = 1; lastKnownFileType = text.xcconfig; name = "Pods-AcceptanceTests.release.xcconfig"; path = "Pods/Target Support Files/Pods-AcceptanceTests/Pods-AcceptanceTests.release.xcconfig"; sourceTree = "<group>"; };
		2743F1A95EB6368B13A4E2CA /* Pods_RemixMirror.framework */ = {isa = PBXFileReference; explicitFileType = wrapper.framework; includeInIndex = 0; path = Pods_RemixMirror.framework; sourceTree = BUILT_PRODUCTS_DIR; };
		27E0BE89A98BECA2E543AF8E /* Pods-RemixMirror.release.xcconfig */ = {isa = PBXFileReference; includeInIndex = 1; lastKnownFileType = text.xcconfig; name = "Pods-RemixMirror.release.xcconfig"; path = "Pods/Target Support Files/Pods-RemixMirror/Pods-RemixMirror.release.xcconfig"; sourceTree = "<group>"; };
		3DF04715C468EB8DD9C1A2AF /* Pods_AcceptanceTests.framework */ = {isa = PBXFileReference; explicitFileType = wrapper.framework; includeInIndex = 0; path = Pods_AcceptanceTests.framework; sourceTree = BUILT_PRODUCTS_DIR; };
		A2771E4727B4B025627B3F52 /* Pods-AcceptanceTests.debug.xcconfig */ = {isa = PBXFileReference; includeInIndex = 1; lastKnownFileType = text.xcconfig; name = "Pods-AcceptanceTests.debug.xcconfig"; path = "Pods/Target Support Files/Pods-AcceptanceTests/Pods-AcceptanceTests.debug.xcconfig"; sourceTree = "<group>"; };
		A78FA4365652220F44578B97 /* Pods-RemixMirror.debug.xcconfig */ = {isa = PBXFileReference; includeInIndex = 1; lastKnownFileType = text.xcconfig; name = "Pods-RemixMirror.debug.xcconfig"; path = "Pods/Target Support Files/Pods-RemixMirror/Pods-RemixMirror.debug.xcconfig"; sourceTree = "<group>"; };
		C84CA6F81FC0EB25004BBF8C /* StarDetailViewController.swift */ = {isa = PBXFileReference; lastKnownFileType = sourcecode.swift; path = StarDetailViewController.swift; sourceTree = "<group>"; };
		C84CA6FA1FC0EB3A004BBF8C /* StarLoadingViewController.swift */ = {isa = PBXFileReference; lastKnownFileType = sourcecode.swift; path = StarLoadingViewController.swift; sourceTree = "<group>"; };
		C84CA6FC1FC0EB43004BBF8C /* StarErrorViewController.swift */ = {isa = PBXFileReference; lastKnownFileType = sourcecode.swift; path = StarErrorViewController.swift; sourceTree = "<group>"; };
		C84CA6FE1FC0EB4F004BBF8C /* StarListViewController.swift */ = {isa = PBXFileReference; lastKnownFileType = sourcecode.swift; path = StarListViewController.swift; sourceTree = "<group>"; };
		C84CA7001FC0EC6F004BBF8C /* NasaStarGateway.swift */ = {isa = PBXFileReference; lastKnownFileType = sourcecode.swift; path = NasaStarGateway.swift; sourceTree = "<group>"; };
		C84CA7021FC0EC84004BBF8C /* StarListViewSpy.swift */ = {isa = PBXFileReference; lastKnownFileType = sourcecode.swift; path = StarListViewSpy.swift; sourceTree = "<group>"; };
		C84CA7041FC0EC91004BBF8C /* StarLoadingViewSpy.swift */ = {isa = PBXFileReference; lastKnownFileType = sourcecode.swift; path = StarLoadingViewSpy.swift; sourceTree = "<group>"; };
		C84CA7061FC0EC9E004BBF8C /* StarErrorViewSpy.swift */ = {isa = PBXFileReference; lastKnownFileType = sourcecode.swift; path = StarErrorViewSpy.swift; sourceTree = "<group>"; };
		C84CA7081FC0ECA7004BBF8C /* StarDetailViewSpy.swift */ = {isa = PBXFileReference; lastKnownFileType = sourcecode.swift; path = StarDetailViewSpy.swift; sourceTree = "<group>"; };
		C84CA70A1FC0ECB4004BBF8C /* StarGatewayStub.swift */ = {isa = PBXFileReference; lastKnownFileType = sourcecode.swift; path = StarGatewayStub.swift; sourceTree = "<group>"; };
		C84CA70C1FC0EEDA004BBF8C /* Star.swift */ = {isa = PBXFileReference; lastKnownFileType = sourcecode.swift; path = Star.swift; sourceTree = "<group>"; };
		C84CA70E1FC0EF1C004BBF8C /* StarListView.swift */ = {isa = PBXFileReference; lastKnownFileType = sourcecode.swift; path = StarListView.swift; sourceTree = "<group>"; };
		C84CA7101FC0EF2F004BBF8C /* StarLoadingView.swift */ = {isa = PBXFileReference; lastKnownFileType = sourcecode.swift; path = StarLoadingView.swift; sourceTree = "<group>"; };
		C84CA7121FC0EF42004BBF8C /* StarErrorView.swift */ = {isa = PBXFileReference; lastKnownFileType = sourcecode.swift; path = StarErrorView.swift; sourceTree = "<group>"; };
		C84CA7141FC0EF67004BBF8C /* ObservableStarsUseCase.swift */ = {isa = PBXFileReference; lastKnownFileType = sourcecode.swift; path = ObservableStarsUseCase.swift; sourceTree = "<group>"; };
		C84CA7181FC0EFC5004BBF8C /* StarGateway.swift */ = {isa = PBXFileReference; lastKnownFileType = sourcecode.swift; path = StarGateway.swift; sourceTree = "<group>"; };
		C84CA7251FC0F183004BBF8C /* AcceptanceTests.app */ = {isa = PBXFileReference; explicitFileType = wrapper.application; includeInIndex = 0; path = AcceptanceTests.app; sourceTree = BUILT_PRODUCTS_DIR; };
		C84CA7281FC0F183004BBF8C /* AcceptanceTests.m */ = {isa = PBXFileReference; lastKnownFileType = sourcecode.c.objc; path = AcceptanceTests.m; sourceTree = "<group>"; };
		C84CA72D1FC0F183004BBF8C /* SlimTables.h */ = {isa = PBXFileReference; lastKnownFileType = sourcecode.c.h; path = SlimTables.h; sourceTree = "<group>"; };
		C84CA72E1FC0F183004BBF8C /* AcceptanceTests-Bridging-Header.h */ = {isa = PBXFileReference; lastKnownFileType = sourcecode.c.h; path = "AcceptanceTests-Bridging-Header.h"; sourceTree = "<group>"; };
		C84CA7311FC0F183004BBF8C /* Info.plist */ = {isa = PBXFileReference; lastKnownFileType = text.plist.xml; path = Info.plist; sourceTree = "<group>"; };
		C84CA7351FC0F30A004BBF8C /* main.m */ = {isa = PBXFileReference; fileEncoding = 4; lastKnownFileType = sourcecode.c.objc; path = main.m; sourceTree = "<group>"; };
		C84CA7381FC0F65E004BBF8C /* NavigationWireframe.swift */ = {isa = PBXFileReference; lastKnownFileType = sourcecode.swift; path = NavigationWireframe.swift; sourceTree = "<group>"; };
		C84CA73C1FC0F697004BBF8C /* NavigationWireframeDouble.swift */ = {isa = PBXFileReference; lastKnownFileType = sourcecode.swift; path = NavigationWireframeDouble.swift; sourceTree = "<group>"; };
		C84CA73E1FC0F6C6004BBF8C /* UINavigationControllerWireframe.swift */ = {isa = PBXFileReference; lastKnownFileType = sourcecode.swift; path = UINavigationControllerWireframe.swift; sourceTree = "<group>"; };
		C86753761FC0FD4B00F036CD /* GivenTheWebServiceReturnsTheseStars.swift */ = {isa = PBXFileReference; lastKnownFileType = sourcecode.swift; path = GivenTheWebServiceReturnsTheseStars.swift; sourceTree = "<group>"; };
		C86753781FC0FF4100F036CD /* TheStarBrowserListsTheseStars.swift */ = {isa = PBXFileReference; lastKnownFileType = sourcecode.swift; path = TheStarBrowserListsTheseStars.swift; sourceTree = "<group>"; };
		C867537A1FC1016A00F036CD /* StarBrowserViewFactory.swift */ = {isa = PBXFileReference; lastKnownFileType = sourcecode.swift; path = StarBrowserViewFactory.swift; sourceTree = "<group>"; };
		C867537D1FC1020600F036CD /* StarBrowserViewDoubleFactory.swift */ = {isa = PBXFileReference; lastKnownFileType = sourcecode.swift; path = StarBrowserViewDoubleFactory.swift; sourceTree = "<group>"; };
		C867537F1FC1027200F036CD /* StarBrowserViewControllerFactory.swift */ = {isa = PBXFileReference; lastKnownFileType = sourcecode.swift; path = StarBrowserViewControllerFactory.swift; sourceTree = "<group>"; };
		C877852D1FC0EA2400616B15 /* RootFlow.swift */ = {isa = PBXFileReference; lastKnownFileType = sourcecode.swift; path = RootFlow.swift; sourceTree = "<group>"; };
		C8DF4B1D1FBDE49200066C3B /* RemixMirror.app */ = {isa = PBXFileReference; explicitFileType = wrapper.application; includeInIndex = 0; path = RemixMirror.app; sourceTree = BUILT_PRODUCTS_DIR; };
		C8DF4B201FBDE49200066C3B /* AppDelegate.swift */ = {isa = PBXFileReference; lastKnownFileType = sourcecode.swift; path = AppDelegate.swift; sourceTree = "<group>"; };
		C8DF4B271FBDE49200066C3B /* Assets.xcassets */ = {isa = PBXFileReference; lastKnownFileType = folder.assetcatalog; path = Assets.xcassets; sourceTree = "<group>"; };
		C8DF4B2A1FBDE49200066C3B /* Base */ = {isa = PBXFileReference; lastKnownFileType = file.storyboard; name = Base; path = Base.lproj/LaunchScreen.storyboard; sourceTree = "<group>"; };
		C8DF4B2C1FBDE49200066C3B /* Info.plist */ = {isa = PBXFileReference; lastKnownFileType = text.plist.xml; path = Info.plist; sourceTree = "<group>"; };
		C8DF4B311FBDE49200066C3B /* RemixMirrorTests.xctest */ = {isa = PBXFileReference; explicitFileType = wrapper.cfbundle; includeInIndex = 0; path = RemixMirrorTests.xctest; sourceTree = BUILT_PRODUCTS_DIR; };
		C8DF4B351FBDE49200066C3B /* RemixMirrorTests.swift */ = {isa = PBXFileReference; lastKnownFileType = sourcecode.swift; path = RemixMirrorTests.swift; sourceTree = "<group>"; };
		C8DF4B371FBDE49200066C3B /* Info.plist */ = {isa = PBXFileReference; lastKnownFileType = text.plist.xml; path = Info.plist; sourceTree = "<group>"; };
		C8DF4B481FBE3D5200066C3B /* Utility.swift */ = {isa = PBXFileReference; fileEncoding = 4; lastKnownFileType = sourcecode.swift; path = Utility.swift; sourceTree = "<group>"; };
		C8DF4B491FBE3D5200066C3B /* StarService.swift */ = {isa = PBXFileReference; fileEncoding = 4; lastKnownFileType = sourcecode.swift; path = StarService.swift; sourceTree = "<group>"; };
		C8DF4B4A1FBE3D5200066C3B /* StarBrowserFlow.swift */ = {isa = PBXFileReference; fileEncoding = 4; lastKnownFileType = sourcecode.swift; path = StarBrowserFlow.swift; sourceTree = "<group>"; };
		C8DF4B4E1FBE3F0F00066C3B /* StarDetailView.swift */ = {isa = PBXFileReference; lastKnownFileType = sourcecode.swift; path = StarDetailView.swift; sourceTree = "<group>"; };
		C8DF4B501FBE442F00066C3B /* ViewStarUseCase.swift */ = {isa = PBXFileReference; lastKnownFileType = sourcecode.swift; path = ViewStarUseCase.swift; sourceTree = "<group>"; };
/* End PBXFileReference section */

/* Begin PBXFrameworksBuildPhase section */
		C84CA7211FC0F183004BBF8C /* Frameworks */ = {
			isa = PBXFrameworksBuildPhase;
			buildActionMask = 2147483647;
			files = (
				737F26130D57BE8A15A17003 /* Pods_AcceptanceTests.framework in Frameworks */,
			);
			runOnlyForDeploymentPostprocessing = 0;
		};
		C8DF4B1A1FBDE49200066C3B /* Frameworks */ = {
			isa = PBXFrameworksBuildPhase;
			buildActionMask = 2147483647;
			files = (
				38298CAB11A21295BCF12681 /* Pods_RemixMirror.framework in Frameworks */,
			);
			runOnlyForDeploymentPostprocessing = 0;
		};
		C8DF4B2E1FBDE49200066C3B /* Frameworks */ = {
			isa = PBXFrameworksBuildPhase;
			buildActionMask = 2147483647;
			files = (
			);
			runOnlyForDeploymentPostprocessing = 0;
		};
/* End PBXFrameworksBuildPhase section */

/* Begin PBXGroup section */
		01BE27B2D878A378E0BF6615 /* Pods */ = {
			isa = PBXGroup;
			children = (
				A78FA4365652220F44578B97 /* Pods-RemixMirror.debug.xcconfig */,
				27E0BE89A98BECA2E543AF8E /* Pods-RemixMirror.release.xcconfig */,
				A2771E4727B4B025627B3F52 /* Pods-AcceptanceTests.debug.xcconfig */,
				187D09EB2F9BF5D3CC611B7D /* Pods-AcceptanceTests.release.xcconfig */,
			);
			name = Pods;
			sourceTree = "<group>";
		};
		25F569CE08877F8ED17ED0A4 /* Frameworks */ = {
			isa = PBXGroup;
			children = (
				2743F1A95EB6368B13A4E2CA /* Pods_RemixMirror.framework */,
				3DF04715C468EB8DD9C1A2AF /* Pods_AcceptanceTests.framework */,
			);
			name = Frameworks;
			sourceTree = "<group>";
		};
		C84CA6F71FC0EB01004BBF8C /* Test */ = {
			isa = PBXGroup;
			children = (
				C867537D1FC1020600F036CD /* StarBrowserViewDoubleFactory.swift */,
				C84CA7021FC0EC84004BBF8C /* StarListViewSpy.swift */,
				C84CA7041FC0EC91004BBF8C /* StarLoadingViewSpy.swift */,
				C84CA7061FC0EC9E004BBF8C /* StarErrorViewSpy.swift */,
				C84CA7081FC0ECA7004BBF8C /* StarDetailViewSpy.swift */,
			);
			path = Test;
			sourceTree = "<group>";
		};
		C84CA7161FC0EF8A004BBF8C /* Views */ = {
			isa = PBXGroup;
			children = (
				C867537A1FC1016A00F036CD /* StarBrowserViewFactory.swift */,
				C84CA70E1FC0EF1C004BBF8C /* StarListView.swift */,
				C84CA7101FC0EF2F004BBF8C /* StarLoadingView.swift */,
				C84CA7121FC0EF42004BBF8C /* StarErrorView.swift */,
				C8DF4B4E1FBE3F0F00066C3B /* StarDetailView.swift */,
				C84CA6F71FC0EB01004BBF8C /* Test */,
				C877852B1FC0E9F800616B15 /* Live */,
			);
			path = Views;
			sourceTree = "<group>";
		};
		C84CA7171FC0EF92004BBF8C /* UseCases */ = {
			isa = PBXGroup;
			children = (
				C84CA7141FC0EF67004BBF8C /* ObservableStarsUseCase.swift */,
				C8DF4B501FBE442F00066C3B /* ViewStarUseCase.swift */,
			);
			path = UseCases;
			sourceTree = "<group>";
		};
		C84CA71A1FC0EFE7004BBF8C /* Gateways */ = {
			isa = PBXGroup;
			children = (
				C84CA7181FC0EFC5004BBF8C /* StarGateway.swift */,
				C84CA71F1FC0F085004BBF8C /* Test */,
				C84CA71E1FC0F07B004BBF8C /* Live */,
			);
			path = Gateways;
			sourceTree = "<group>";
		};
		C84CA71C1FC0F03C004BBF8C /* Services */ = {
			isa = PBXGroup;
			children = (
				C8DF4B491FBE3D5200066C3B /* StarService.swift */,
			);
			path = Services;
			sourceTree = "<group>";
		};
		C84CA71D1FC0F050004BBF8C /* Entity */ = {
			isa = PBXGroup;
			children = (
				C84CA70C1FC0EEDA004BBF8C /* Star.swift */,
			);
			path = Entity;
			sourceTree = "<group>";
		};
		C84CA71E1FC0F07B004BBF8C /* Live */ = {
			isa = PBXGroup;
			children = (
				C84CA7001FC0EC6F004BBF8C /* NasaStarGateway.swift */,
			);
			path = Live;
			sourceTree = "<group>";
		};
		C84CA71F1FC0F085004BBF8C /* Test */ = {
			isa = PBXGroup;
			children = (
				C84CA70A1FC0ECB4004BBF8C /* StarGatewayStub.swift */,
			);
			path = Test;
			sourceTree = "<group>";
		};
		C84CA7261FC0F183004BBF8C /* AcceptanceTests */ = {
			isa = PBXGroup;
			children = (
				C84CA7351FC0F30A004BBF8C /* main.m */,
				C84CA7311FC0F183004BBF8C /* Info.plist */,
				C84CA7271FC0F183004BBF8C /* Supporting Files */,
			);
			path = AcceptanceTests;
			sourceTree = "<group>";
		};
		C84CA7271FC0F183004BBF8C /* Supporting Files */ = {
			isa = PBXGroup;
			children = (
				C84CA7281FC0F183004BBF8C /* AcceptanceTests.m */,
				C84CA72D1FC0F183004BBF8C /* SlimTables.h */,
				C84CA72E1FC0F183004BBF8C /* AcceptanceTests-Bridging-Header.h */,
			);
			name = "Supporting Files";
			sourceTree = "<group>";
		};
		C84CA7371FC0F649004BBF8C /* Wireframes */ = {
			isa = PBXGroup;
			children = (
				C84CA7381FC0F65E004BBF8C /* NavigationWireframe.swift */,
				C84CA73A1FC0F66C004BBF8C /* Test */,
				C84CA73B1FC0F672004BBF8C /* Live */,
			);
			path = Wireframes;
			sourceTree = "<group>";
		};
		C84CA73A1FC0F66C004BBF8C /* Test */ = {
			isa = PBXGroup;
			children = (
				C84CA73C1FC0F697004BBF8C /* NavigationWireframeDouble.swift */,
			);
			path = Test;
			sourceTree = "<group>";
		};
		C84CA73B1FC0F672004BBF8C /* Live */ = {
			isa = PBXGroup;
			children = (
				C84CA73E1FC0F6C6004BBF8C /* UINavigationControllerWireframe.swift */,
			);
			path = Live;
			sourceTree = "<group>";
		};
		C84CA7401FC0F6F9004BBF8C /* Utility */ = {
			isa = PBXGroup;
			children = (
				C8DF4B481FBE3D5200066C3B /* Utility.swift */,
			);
			path = Utility;
			sourceTree = "<group>";
		};
		C84CA7561FC0F9F3004BBF8C /* Fixtures */ = {
			isa = PBXGroup;
			children = (
				C86753761FC0FD4B00F036CD /* GivenTheWebServiceReturnsTheseStars.swift */,
				C86753781FC0FF4100F036CD /* TheStarBrowserListsTheseStars.swift */,
			);
			path = Fixtures;
			sourceTree = "<group>";
		};
		C877852B1FC0E9F800616B15 /* Live */ = {
			isa = PBXGroup;
			children = (
				C867537F1FC1027200F036CD /* StarBrowserViewControllerFactory.swift */,
				C84CA6FE1FC0EB4F004BBF8C /* StarListViewController.swift */,
				C84CA6FA1FC0EB3A004BBF8C /* StarLoadingViewController.swift */,
				C84CA6FC1FC0EB43004BBF8C /* StarErrorViewController.swift */,
				C84CA6F81FC0EB25004BBF8C /* StarDetailViewController.swift */,
			);
			path = Live;
			sourceTree = "<group>";
		};
		C877852C1FC0EA1800616B15 /* Root */ = {
			isa = PBXGroup;
			children = (
				C877852D1FC0EA2400616B15 /* RootFlow.swift */,
			);
			path = Root;
			sourceTree = "<group>";
		};
		C877852F1FC0EA9400616B15 /* Resources */ = {
			isa = PBXGroup;
			children = (
				C8DF4B271FBDE49200066C3B /* Assets.xcassets */,
				C8DF4B291FBDE49200066C3B /* LaunchScreen.storyboard */,
				C8DF4B2C1FBDE49200066C3B /* Info.plist */,
			);
			path = Resources;
			sourceTree = "<group>";
		};
		C8DF4B141FBDE49200066C3B = {
			isa = PBXGroup;
			children = (
				C8DF4B1F1FBDE49200066C3B /* RemixMirror */,
				C8DF4B341FBDE49200066C3B /* RemixMirrorTests */,
				C84CA7261FC0F183004BBF8C /* AcceptanceTests */,
				C8DF4B1E1FBDE49200066C3B /* Products */,
				01BE27B2D878A378E0BF6615 /* Pods */,
				25F569CE08877F8ED17ED0A4 /* Frameworks */,
			);
			sourceTree = "<group>";
		};
		C8DF4B1E1FBDE49200066C3B /* Products */ = {
			isa = PBXGroup;
			children = (
				C8DF4B1D1FBDE49200066C3B /* RemixMirror.app */,
				C8DF4B311FBDE49200066C3B /* RemixMirrorTests.xctest */,
				C84CA7251FC0F183004BBF8C /* AcceptanceTests.app */,
			);
			name = Products;
			sourceTree = "<group>";
		};
		C8DF4B1F1FBDE49200066C3B /* RemixMirror */ = {
			isa = PBXGroup;
			children = (
				C8DF4B201FBDE49200066C3B /* AppDelegate.swift */,
				C877852C1FC0EA1800616B15 /* Root */,
				C8DF4B471FBE3D5200066C3B /* StarBrowser */,
				C84CA71A1FC0EFE7004BBF8C /* Gateways */,
				C84CA71D1FC0F050004BBF8C /* Entity */,
				C84CA7371FC0F649004BBF8C /* Wireframes */,
				C84CA7401FC0F6F9004BBF8C /* Utility */,
				C877852F1FC0EA9400616B15 /* Resources */,
			);
			path = RemixMirror;
			sourceTree = "<group>";
		};
		C8DF4B341FBDE49200066C3B /* RemixMirrorTests */ = {
			isa = PBXGroup;
			children = (
				C8DF4B351FBDE49200066C3B /* RemixMirrorTests.swift */,
				C8DF4B371FBDE49200066C3B /* Info.plist */,
			);
			path = RemixMirrorTests;
			sourceTree = "<group>";
		};
		C8DF4B471FBE3D5200066C3B /* StarBrowser */ = {
			isa = PBXGroup;
			children = (
				C8DF4B4A1FBE3D5200066C3B /* StarBrowserFlow.swift */,
				C84CA7561FC0F9F3004BBF8C /* Fixtures */,
				C84CA7161FC0EF8A004BBF8C /* Views */,
				C84CA7171FC0EF92004BBF8C /* UseCases */,
				C84CA71C1FC0F03C004BBF8C /* Services */,
			);
			path = StarBrowser;
			sourceTree = "<group>";
		};
/* End PBXGroup section */

/* Begin PBXNativeTarget section */
		C84CA7241FC0F183004BBF8C /* AcceptanceTests */ = {
			isa = PBXNativeTarget;
			buildConfigurationList = C84CA7321FC0F183004BBF8C /* Build configuration list for PBXNativeTarget "AcceptanceTests" */;
			buildPhases = (
				A1BCB8A91B32E01050D17919 /* [CP] Check Pods Manifest.lock */,
				C84CA7201FC0F183004BBF8C /* Sources */,
				C84CA7211FC0F183004BBF8C /* Frameworks */,
				C84CA7221FC0F183004BBF8C /* Resources */,
				C84CA7231FC0F183004BBF8C /* [OCSP] Generate Fitnesse Test System Scripts */,
				14E5011D0EA6E6B79E2057CE /* [CP] Embed Pods Frameworks */,
				601D400AC0F4EFD2FD5E2B89 /* [CP] Copy Pods Resources */,
			);
			buildRules = (
			);
			dependencies = (
			);
			name = AcceptanceTests;
			productName = AcceptanceTests;
			productReference = C84CA7251FC0F183004BBF8C /* AcceptanceTests.app */;
			productType = "com.apple.product-type.application";
		};
		C8DF4B1C1FBDE49200066C3B /* RemixMirror */ = {
			isa = PBXNativeTarget;
			buildConfigurationList = C8DF4B3A1FBDE49200066C3B /* Build configuration list for PBXNativeTarget "RemixMirror" */;
			buildPhases = (
				A1D63629C741744143A13436 /* [CP] Check Pods Manifest.lock */,
				C8DF4B191FBDE49200066C3B /* Sources */,
				C8DF4B1A1FBDE49200066C3B /* Frameworks */,
				C8DF4B1B1FBDE49200066C3B /* Resources */,
				CE7CF15991CDD30BEDDFC270 /* [CP] Embed Pods Frameworks */,
				5BC484EB8CCF0B4581666FBD /* [CP] Copy Pods Resources */,
			);
			buildRules = (
			);
			dependencies = (
			);
			name = RemixMirror;
			productName = RemixMirror;
			productReference = C8DF4B1D1FBDE49200066C3B /* RemixMirror.app */;
			productType = "com.apple.product-type.application";
		};
		C8DF4B301FBDE49200066C3B /* RemixMirrorTests */ = {
			isa = PBXNativeTarget;
			buildConfigurationList = C8DF4B3D1FBDE49200066C3B /* Build configuration list for PBXNativeTarget "RemixMirrorTests" */;
			buildPhases = (
				C8DF4B2D1FBDE49200066C3B /* Sources */,
				C8DF4B2E1FBDE49200066C3B /* Frameworks */,
				C8DF4B2F1FBDE49200066C3B /* Resources */,
			);
			buildRules = (
			);
			dependencies = (
				C8DF4B331FBDE49200066C3B /* PBXTargetDependency */,
			);
			name = RemixMirrorTests;
			productName = RemixMirrorTests;
			productReference = C8DF4B311FBDE49200066C3B /* RemixMirrorTests.xctest */;
			productType = "com.apple.product-type.bundle.unit-test";
		};
/* End PBXNativeTarget section */

/* Begin PBXProject section */
		C8DF4B151FBDE49200066C3B /* Project object */ = {
			isa = PBXProject;
			attributes = {
				LastSwiftUpdateCheck = 0910;
				LastUpgradeCheck = 0910;
				ORGANIZATIONNAME = Schibsted;
				TargetAttributes = {
					C84CA7241FC0F183004BBF8C = {
						CreatedOnToolsVersion = 9.1;
						ProvisioningStyle = Automatic;
					};
					C8DF4B1C1FBDE49200066C3B = {
						CreatedOnToolsVersion = 9.1;
						ProvisioningStyle = Automatic;
					};
					C8DF4B301FBDE49200066C3B = {
						CreatedOnToolsVersion = 9.1;
						ProvisioningStyle = Automatic;
						TestTargetID = C8DF4B1C1FBDE49200066C3B;
					};
				};
			};
			buildConfigurationList = C8DF4B181FBDE49200066C3B /* Build configuration list for PBXProject "RemixMirror" */;
			compatibilityVersion = "Xcode 8.0";
			developmentRegion = en;
			hasScannedForEncodings = 0;
			knownRegions = (
				en,
				Base,
			);
			mainGroup = C8DF4B141FBDE49200066C3B;
			productRefGroup = C8DF4B1E1FBDE49200066C3B /* Products */;
			projectDirPath = "";
			projectRoot = "";
			targets = (
				C8DF4B1C1FBDE49200066C3B /* RemixMirror */,
				C8DF4B301FBDE49200066C3B /* RemixMirrorTests */,
				C84CA7241FC0F183004BBF8C /* AcceptanceTests */,
			);
		};
/* End PBXProject section */

/* Begin PBXResourcesBuildPhase section */
		C84CA7221FC0F183004BBF8C /* Resources */ = {
			isa = PBXResourcesBuildPhase;
			buildActionMask = 2147483647;
			files = (
			);
			runOnlyForDeploymentPostprocessing = 0;
		};
		C8DF4B1B1FBDE49200066C3B /* Resources */ = {
			isa = PBXResourcesBuildPhase;
			buildActionMask = 2147483647;
			files = (
				C8DF4B2B1FBDE49200066C3B /* LaunchScreen.storyboard in Resources */,
				C8DF4B281FBDE49200066C3B /* Assets.xcassets in Resources */,
			);
			runOnlyForDeploymentPostprocessing = 0;
		};
		C8DF4B2F1FBDE49200066C3B /* Resources */ = {
			isa = PBXResourcesBuildPhase;
			buildActionMask = 2147483647;
			files = (
			);
			runOnlyForDeploymentPostprocessing = 0;
		};
/* End PBXResourcesBuildPhase section */

/* Begin PBXShellScriptBuildPhase section */
		14E5011D0EA6E6B79E2057CE /* [CP] Embed Pods Frameworks */ = {
			isa = PBXShellScriptBuildPhase;
			buildActionMask = 2147483647;
			files = (
			);
			inputPaths = (
				"${SRCROOT}/Pods/Target Support Files/Pods-AcceptanceTests/Pods-AcceptanceTests-frameworks.sh",
				"${BUILT_PRODUCTS_DIR}/cslim/cslim.framework",
			);
			name = "[CP] Embed Pods Frameworks";
			outputPaths = (
				"${TARGET_BUILD_DIR}/${FRAMEWORKS_FOLDER_PATH}/cslim.framework",
			);
			runOnlyForDeploymentPostprocessing = 0;
			shellPath = /bin/sh;
			shellScript = "\"${SRCROOT}/Pods/Target Support Files/Pods-AcceptanceTests/Pods-AcceptanceTests-frameworks.sh\"\n";
			showEnvVarsInLog = 0;
		};
		5BC484EB8CCF0B4581666FBD /* [CP] Copy Pods Resources */ = {
			isa = PBXShellScriptBuildPhase;
			buildActionMask = 2147483647;
			files = (
			);
			inputPaths = (
			);
			name = "[CP] Copy Pods Resources";
			outputPaths = (
			);
			runOnlyForDeploymentPostprocessing = 0;
			shellPath = /bin/sh;
			shellScript = "\"${SRCROOT}/Pods/Target Support Files/Pods-RemixMirror/Pods-RemixMirror-resources.sh\"\n";
			showEnvVarsInLog = 0;
		};
		601D400AC0F4EFD2FD5E2B89 /* [CP] Copy Pods Resources */ = {
			isa = PBXShellScriptBuildPhase;
			buildActionMask = 2147483647;
			files = (
			);
			inputPaths = (
			);
			name = "[CP] Copy Pods Resources";
			outputPaths = (
			);
			runOnlyForDeploymentPostprocessing = 0;
			shellPath = /bin/sh;
			shellScript = "\"${SRCROOT}/Pods/Target Support Files/Pods-AcceptanceTests/Pods-AcceptanceTests-resources.sh\"\n";
			showEnvVarsInLog = 0;
		};
		A1BCB8A91B32E01050D17919 /* [CP] Check Pods Manifest.lock */ = {
			isa = PBXShellScriptBuildPhase;
			buildActionMask = 2147483647;
			files = (
			);
			inputPaths = (
				"${PODS_PODFILE_DIR_PATH}/Podfile.lock",
				"${PODS_ROOT}/Manifest.lock",
			);
			name = "[CP] Check Pods Manifest.lock";
			outputPaths = (
				"$(DERIVED_FILE_DIR)/Pods-AcceptanceTests-checkManifestLockResult.txt",
			);
			runOnlyForDeploymentPostprocessing = 0;
			shellPath = /bin/sh;
			shellScript = "diff \"${PODS_PODFILE_DIR_PATH}/Podfile.lock\" \"${PODS_ROOT}/Manifest.lock\" > /dev/null\nif [ $? != 0 ] ; then\n    # print error to STDERR\n    echo \"error: The sandbox is not in sync with the Podfile.lock. Run 'pod install' or update your CocoaPods installation.\" >&2\n    exit 1\nfi\n# This output is used by Xcode 'outputs' to avoid re-running this script phase.\necho \"SUCCESS\" > \"${SCRIPT_OUTPUT_FILE_0}\"\n";
			showEnvVarsInLog = 0;
		};
		A1D63629C741744143A13436 /* [CP] Check Pods Manifest.lock */ = {
			isa = PBXShellScriptBuildPhase;
			buildActionMask = 2147483647;
			files = (
			);
			inputPaths = (
				"${PODS_PODFILE_DIR_PATH}/Podfile.lock",
				"${PODS_ROOT}/Manifest.lock",
			);
			name = "[CP] Check Pods Manifest.lock";
			outputPaths = (
				"$(DERIVED_FILE_DIR)/Pods-RemixMirror-checkManifestLockResult.txt",
			);
			runOnlyForDeploymentPostprocessing = 0;
			shellPath = /bin/sh;
			shellScript = "diff \"${PODS_PODFILE_DIR_PATH}/Podfile.lock\" \"${PODS_ROOT}/Manifest.lock\" > /dev/null\nif [ $? != 0 ] ; then\n    # print error to STDERR\n    echo \"error: The sandbox is not in sync with the Podfile.lock. Run 'pod install' or update your CocoaPods installation.\" >&2\n    exit 1\nfi\n# This output is used by Xcode 'outputs' to avoid re-running this script phase.\necho \"SUCCESS\" > \"${SCRIPT_OUTPUT_FILE_0}\"\n";
			showEnvVarsInLog = 0;
		};
		C84CA7231FC0F183004BBF8C /* [OCSP] Generate Fitnesse Test System Scripts */ = {
			isa = PBXShellScriptBuildPhase;
			buildActionMask = 2147483647;
			files = (
			);
			inputPaths = (
			);
			name = "[OCSP] Generate Fitnesse Test System Scripts";
			outputPaths = (
			);
			runOnlyForDeploymentPostprocessing = 0;
			shellPath = /bin/sh;
			shellScript = "${OCSP_SUPPORT_FILE_DIR}/ocsp-generate-fitnesse-test-system-scripts.sh \"${OCSP_BUNDLE_RESOURCES_DIR}\"";
		};
		CE7CF15991CDD30BEDDFC270 /* [CP] Embed Pods Frameworks */ = {
			isa = PBXShellScriptBuildPhase;
			buildActionMask = 2147483647;
			files = (
			);
			inputPaths = (
				"${SRCROOT}/Pods/Target Support Files/Pods-RemixMirror/Pods-RemixMirror-frameworks.sh",
				"${BUILT_PRODUCTS_DIR}/Layout/Layout.framework",
			);
			name = "[CP] Embed Pods Frameworks";
			outputPaths = (
				"${TARGET_BUILD_DIR}/${FRAMEWORKS_FOLDER_PATH}/Layout.framework",
			);
			runOnlyForDeploymentPostprocessing = 0;
			shellPath = /bin/sh;
			shellScript = "\"${SRCROOT}/Pods/Target Support Files/Pods-RemixMirror/Pods-RemixMirror-frameworks.sh\"\n";
			showEnvVarsInLog = 0;
		};
/* End PBXShellScriptBuildPhase section */

/* Begin PBXSourcesBuildPhase section */
		C84CA7201FC0F183004BBF8C /* Sources */ = {
			isa = PBXSourcesBuildPhase;
			buildActionMask = 2147483647;
			files = (
				C86753791FC0FF4100F036CD /* TheStarBrowserListsTheseStars.swift in Sources */,
				C84CA74A1FC0F81B004BBF8C /* StarErrorViewSpy.swift in Sources */,
				C84CA7471FC0F81B004BBF8C /* StarDetailView.swift in Sources */,
				C84CA7421FC0F812004BBF8C /* RootFlow.swift in Sources */,
				C84CA7541FC0F834004BBF8C /* NavigationWireframeDouble.swift in Sources */,
				C84CA7501FC0F828004BBF8C /* StarGatewayStub.swift in Sources */,
				C84CA7511FC0F82E004BBF8C /* Star.swift in Sources */,
				C84CA7481FC0F81B004BBF8C /* StarListViewSpy.swift in Sources */,
				C84CA74F1FC0F828004BBF8C /* StarGateway.swift in Sources */,
				C86753771FC0FD4B00F036CD /* GivenTheWebServiceReturnsTheseStars.swift in Sources */,
				C84CA7441FC0F81B004BBF8C /* StarListView.swift in Sources */,
				C84CA7431FC0F815004BBF8C /* StarBrowserFlow.swift in Sources */,
				C84CA74E1FC0F828004BBF8C /* StarService.swift in Sources */,
				C867537E1FC1020600F036CD /* StarBrowserViewDoubleFactory.swift in Sources */,
				C84CA74B1FC0F81B004BBF8C /* StarDetailViewSpy.swift in Sources */,
				C84CA74C1FC0F822004BBF8C /* ObservableStarsUseCase.swift in Sources */,
				C84CA7361FC0F30A004BBF8C /* main.m in Sources */,
				C867537C1FC1016A00F036CD /* StarBrowserViewFactory.swift in Sources */,
				C84CA7551FC0F83A004BBF8C /* Utility.swift in Sources */,
				C84CA7531FC0F834004BBF8C /* NavigationWireframe.swift in Sources */,
				C84CA7461FC0F81B004BBF8C /* StarErrorView.swift in Sources */,
				C84CA7491FC0F81B004BBF8C /* StarLoadingViewSpy.swift in Sources */,
				C84CA74D1FC0F822004BBF8C /* ViewStarUseCase.swift in Sources */,
				C84CA7291FC0F183004BBF8C /* AcceptanceTests.m in Sources */,
				C84CA7451FC0F81B004BBF8C /* StarLoadingView.swift in Sources */,
			);
			runOnlyForDeploymentPostprocessing = 0;
		};
		C8DF4B191FBDE49200066C3B /* Sources */ = {
			isa = PBXSourcesBuildPhase;
			buildActionMask = 2147483647;
			files = (
				C877852E1FC0EA2400616B15 /* RootFlow.swift in Sources */,
				C84CA7191FC0EFC5004BBF8C /* StarGateway.swift in Sources */,
				C84CA6F91FC0EB25004BBF8C /* StarDetailViewController.swift in Sources */,
				C84CA7131FC0EF42004BBF8C /* StarErrorView.swift in Sources */,
				C84CA70F1FC0EF1C004BBF8C /* StarListView.swift in Sources */,
				C8DF4B4D1FBE3D5200066C3B /* StarBrowserFlow.swift in Sources */,
				C84CA7071FC0EC9E004BBF8C /* StarErrorViewSpy.swift in Sources */,
				C867537B1FC1016A00F036CD /* StarBrowserViewFactory.swift in Sources */,
				C84CA7151FC0EF67004BBF8C /* ObservableStarsUseCase.swift in Sources */,
				C84CA6FD1FC0EB43004BBF8C /* StarErrorViewController.swift in Sources */,
				C84CA70B1FC0ECB4004BBF8C /* StarGatewayStub.swift in Sources */,
				C8DF4B511FBE442F00066C3B /* ViewStarUseCase.swift in Sources */,
				C84CA7091FC0ECA7004BBF8C /* StarDetailViewSpy.swift in Sources */,
				C84CA7031FC0EC84004BBF8C /* StarListViewSpy.swift in Sources */,
				C84CA73D1FC0F697004BBF8C /* NavigationWireframeDouble.swift in Sources */,
				C84CA70D1FC0EEDA004BBF8C /* Star.swift in Sources */,
				C8DF4B4F1FBE3F0F00066C3B /* StarDetailView.swift in Sources */,
				C8DF4B211FBDE49200066C3B /* AppDelegate.swift in Sources */,
				C86753801FC1027200F036CD /* StarBrowserViewControllerFactory.swift in Sources */,
				C84CA7011FC0EC6F004BBF8C /* NasaStarGateway.swift in Sources */,
				C84CA73F1FC0F6C6004BBF8C /* UINavigationControllerWireframe.swift in Sources */,
				C8DF4B4B1FBE3D5200066C3B /* Utility.swift in Sources */,
				C8DF4B4C1FBE3D5200066C3B /* StarService.swift in Sources */,
				C84CA6FB1FC0EB3A004BBF8C /* StarLoadingViewController.swift in Sources */,
				C84CA7051FC0EC91004BBF8C /* StarLoadingViewSpy.swift in Sources */,
				C84CA6FF1FC0EB4F004BBF8C /* StarListViewController.swift in Sources */,
				C84CA7391FC0F65E004BBF8C /* NavigationWireframe.swift in Sources */,
				C84CA7111FC0EF2F004BBF8C /* StarLoadingView.swift in Sources */,
			);
			runOnlyForDeploymentPostprocessing = 0;
		};
		C8DF4B2D1FBDE49200066C3B /* Sources */ = {
			isa = PBXSourcesBuildPhase;
			buildActionMask = 2147483647;
			files = (
				C8DF4B361FBDE49200066C3B /* RemixMirrorTests.swift in Sources */,
			);
			runOnlyForDeploymentPostprocessing = 0;
		};
/* End PBXSourcesBuildPhase section */

/* Begin PBXTargetDependency section */
		C8DF4B331FBDE49200066C3B /* PBXTargetDependency */ = {
			isa = PBXTargetDependency;
			target = C8DF4B1C1FBDE49200066C3B /* RemixMirror */;
			targetProxy = C8DF4B321FBDE49200066C3B /* PBXContainerItemProxy */;
		};
/* End PBXTargetDependency section */

/* Begin PBXVariantGroup section */
		C8DF4B291FBDE49200066C3B /* LaunchScreen.storyboard */ = {
			isa = PBXVariantGroup;
			children = (
				C8DF4B2A1FBDE49200066C3B /* Base */,
			);
			name = LaunchScreen.storyboard;
			sourceTree = "<group>";
		};
/* End PBXVariantGroup section */

/* Begin XCBuildConfiguration section */
		C84CA7331FC0F183004BBF8C /* Debug */ = {
			isa = XCBuildConfiguration;
			baseConfigurationReference = A2771E4727B4B025627B3F52 /* Pods-AcceptanceTests.debug.xcconfig */;
			buildSettings = {
				CODE_SIGN_IDENTITY = "Mac Developer";
				CODE_SIGN_STYLE = Automatic;
				DEVELOPMENT_TEAM = 3H86HRS574;
				INFOPLIST_FILE = AcceptanceTests/Info.plist;
				LD_RUNPATH_SEARCH_PATHS = "$(inherited) @executable_path/../Frameworks";
				MACOSX_DEPLOYMENT_TARGET = 10.13;
				PRODUCT_BUNDLE_IDENTIFIER = io.cutting.AcceptanceTests;
				PRODUCT_NAME = "$(TARGET_NAME)";
				SDKROOT = macosx;
				SWIFT_OBJC_BRIDGING_HEADER = "AcceptanceTests/AcceptanceTests-Bridging-Header.h";
				SWIFT_VERSION = 4.0;
			};
			name = Debug;
		};
		C84CA7341FC0F183004BBF8C /* Release */ = {
			isa = XCBuildConfiguration;
			baseConfigurationReference = 187D09EB2F9BF5D3CC611B7D /* Pods-AcceptanceTests.release.xcconfig */;
			buildSettings = {
				CODE_SIGN_IDENTITY = "Mac Developer";
				CODE_SIGN_STYLE = Automatic;
				DEVELOPMENT_TEAM = 3H86HRS574;
				INFOPLIST_FILE = AcceptanceTests/Info.plist;
				LD_RUNPATH_SEARCH_PATHS = "$(inherited) @executable_path/../Frameworks";
				MACOSX_DEPLOYMENT_TARGET = 10.13;
				PRODUCT_BUNDLE_IDENTIFIER = io.cutting.AcceptanceTests;
				PRODUCT_NAME = "$(TARGET_NAME)";
				SDKROOT = macosx;
				SWIFT_OBJC_BRIDGING_HEADER = "AcceptanceTests/AcceptanceTests-Bridging-Header.h";
				SWIFT_VERSION = 4.0;
			};
			name = Release;
		};
		C8DF4B381FBDE49200066C3B /* Debug */ = {
			isa = XCBuildConfiguration;
			buildSettings = {
				ALWAYS_SEARCH_USER_PATHS = NO;
				CLANG_ANALYZER_NONNULL = YES;
				CLANG_ANALYZER_NUMBER_OBJECT_CONVERSION = YES_AGGRESSIVE;
				CLANG_CXX_LANGUAGE_STANDARD = "gnu++14";
				CLANG_CXX_LIBRARY = "libc++";
				CLANG_ENABLE_MODULES = YES;
				CLANG_ENABLE_OBJC_ARC = YES;
				CLANG_WARN_BLOCK_CAPTURE_AUTORELEASING = YES;
				CLANG_WARN_BOOL_CONVERSION = YES;
				CLANG_WARN_COMMA = YES;
				CLANG_WARN_CONSTANT_CONVERSION = YES;
				CLANG_WARN_DIRECT_OBJC_ISA_USAGE = YES_ERROR;
				CLANG_WARN_DOCUMENTATION_COMMENTS = YES;
				CLANG_WARN_EMPTY_BODY = YES;
				CLANG_WARN_ENUM_CONVERSION = YES;
				CLANG_WARN_INFINITE_RECURSION = YES;
				CLANG_WARN_INT_CONVERSION = YES;
				CLANG_WARN_NON_LITERAL_NULL_CONVERSION = YES;
				CLANG_WARN_OBJC_LITERAL_CONVERSION = YES;
				CLANG_WARN_OBJC_ROOT_CLASS = YES_ERROR;
				CLANG_WARN_RANGE_LOOP_ANALYSIS = YES;
				CLANG_WARN_STRICT_PROTOTYPES = YES;
				CLANG_WARN_SUSPICIOUS_MOVE = YES;
				CLANG_WARN_UNGUARDED_AVAILABILITY = YES_AGGRESSIVE;
				CLANG_WARN_UNREACHABLE_CODE = YES;
				CLANG_WARN__DUPLICATE_METHOD_MATCH = YES;
				CODE_SIGN_IDENTITY = "iPhone Developer";
				COPY_PHASE_STRIP = NO;
				DEBUG_INFORMATION_FORMAT = dwarf;
				ENABLE_STRICT_OBJC_MSGSEND = YES;
				ENABLE_TESTABILITY = YES;
				GCC_C_LANGUAGE_STANDARD = gnu11;
				GCC_DYNAMIC_NO_PIC = NO;
				GCC_NO_COMMON_BLOCKS = YES;
				GCC_OPTIMIZATION_LEVEL = 0;
				GCC_PREPROCESSOR_DEFINITIONS = (
					"DEBUG=1",
					"$(inherited)",
				);
				GCC_WARN_64_TO_32_BIT_CONVERSION = YES;
				GCC_WARN_ABOUT_RETURN_TYPE = YES_ERROR;
				GCC_WARN_UNDECLARED_SELECTOR = YES;
				GCC_WARN_UNINITIALIZED_AUTOS = YES_AGGRESSIVE;
				GCC_WARN_UNUSED_FUNCTION = YES;
				GCC_WARN_UNUSED_VARIABLE = YES;
				IPHONEOS_DEPLOYMENT_TARGET = 11.1;
				MTL_ENABLE_DEBUG_INFO = YES;
				ONLY_ACTIVE_ARCH = YES;
				SDKROOT = iphoneos;
				SWIFT_ACTIVE_COMPILATION_CONDITIONS = DEBUG;
				SWIFT_OPTIMIZATION_LEVEL = "-Onone";
			};
			name = Debug;
		};
		C8DF4B391FBDE49200066C3B /* Release */ = {
			isa = XCBuildConfiguration;
			buildSettings = {
				ALWAYS_SEARCH_USER_PATHS = NO;
				CLANG_ANALYZER_NONNULL = YES;
				CLANG_ANALYZER_NUMBER_OBJECT_CONVERSION = YES_AGGRESSIVE;
				CLANG_CXX_LANGUAGE_STANDARD = "gnu++14";
				CLANG_CXX_LIBRARY = "libc++";
				CLANG_ENABLE_MODULES = YES;
				CLANG_ENABLE_OBJC_ARC = YES;
				CLANG_WARN_BLOCK_CAPTURE_AUTORELEASING = YES;
				CLANG_WARN_BOOL_CONVERSION = YES;
				CLANG_WARN_COMMA = YES;
				CLANG_WARN_CONSTANT_CONVERSION = YES;
				CLANG_WARN_DIRECT_OBJC_ISA_USAGE = YES_ERROR;
				CLANG_WARN_DOCUMENTATION_COMMENTS = YES;
				CLANG_WARN_EMPTY_BODY = YES;
				CLANG_WARN_ENUM_CONVERSION = YES;
				CLANG_WARN_INFINITE_RECURSION = YES;
				CLANG_WARN_INT_CONVERSION = YES;
				CLANG_WARN_NON_LITERAL_NULL_CONVERSION = YES;
				CLANG_WARN_OBJC_LITERAL_CONVERSION = YES;
				CLANG_WARN_OBJC_ROOT_CLASS = YES_ERROR;
				CLANG_WARN_RANGE_LOOP_ANALYSIS = YES;
				CLANG_WARN_STRICT_PROTOTYPES = YES;
				CLANG_WARN_SUSPICIOUS_MOVE = YES;
				CLANG_WARN_UNGUARDED_AVAILABILITY = YES_AGGRESSIVE;
				CLANG_WARN_UNREACHABLE_CODE = YES;
				CLANG_WARN__DUPLICATE_METHOD_MATCH = YES;
				CODE_SIGN_IDENTITY = "iPhone Developer";
				COPY_PHASE_STRIP = NO;
				DEBUG_INFORMATION_FORMAT = "dwarf-with-dsym";
				ENABLE_NS_ASSERTIONS = NO;
				ENABLE_STRICT_OBJC_MSGSEND = YES;
				GCC_C_LANGUAGE_STANDARD = gnu11;
				GCC_NO_COMMON_BLOCKS = YES;
				GCC_WARN_64_TO_32_BIT_CONVERSION = YES;
				GCC_WARN_ABOUT_RETURN_TYPE = YES_ERROR;
				GCC_WARN_UNDECLARED_SELECTOR = YES;
				GCC_WARN_UNINITIALIZED_AUTOS = YES_AGGRESSIVE;
				GCC_WARN_UNUSED_FUNCTION = YES;
				GCC_WARN_UNUSED_VARIABLE = YES;
				IPHONEOS_DEPLOYMENT_TARGET = 11.1;
				MTL_ENABLE_DEBUG_INFO = NO;
				SDKROOT = iphoneos;
				SWIFT_OPTIMIZATION_LEVEL = "-Owholemodule";
				VALIDATE_PRODUCT = YES;
			};
			name = Release;
		};
		C8DF4B3B1FBDE49200066C3B /* Debug */ = {
			isa = XCBuildConfiguration;
			baseConfigurationReference = A78FA4365652220F44578B97 /* Pods-RemixMirror.debug.xcconfig */;
			buildSettings = {
				ASSETCATALOG_COMPILER_APPICON_NAME = AppIcon;
				CODE_SIGN_STYLE = Automatic;
				DEVELOPMENT_TEAM = 3H86HRS574;
				INFOPLIST_FILE = "$(SRCROOT)/RemixMirror/Resources/Info.plist";
				LD_RUNPATH_SEARCH_PATHS = "$(inherited) @executable_path/Frameworks";
				PRODUCT_BUNDLE_IDENTIFIER = io.cutting.RemixMirror;
				PRODUCT_NAME = "$(TARGET_NAME)";
				SWIFT_VERSION = 4.0;
				TARGETED_DEVICE_FAMILY = "1,2";
			};
			name = Debug;
		};
		C8DF4B3C1FBDE49200066C3B /* Release */ = {
			isa = XCBuildConfiguration;
			baseConfigurationReference = 27E0BE89A98BECA2E543AF8E /* Pods-RemixMirror.release.xcconfig */;
			buildSettings = {
				ASSETCATALOG_COMPILER_APPICON_NAME = AppIcon;
				CODE_SIGN_STYLE = Automatic;
				DEVELOPMENT_TEAM = 3H86HRS574;
				INFOPLIST_FILE = "$(SRCROOT)/RemixMirror/Resources/Info.plist";
				LD_RUNPATH_SEARCH_PATHS = "$(inherited) @executable_path/Frameworks";
				PRODUCT_BUNDLE_IDENTIFIER = io.cutting.RemixMirror;
				PRODUCT_NAME = "$(TARGET_NAME)";
				SWIFT_VERSION = 4.0;
				TARGETED_DEVICE_FAMILY = "1,2";
			};
			name = Release;
		};
		C8DF4B3E1FBDE49200066C3B /* Debug */ = {
			isa = XCBuildConfiguration;
			buildSettings = {
				ALWAYS_EMBED_SWIFT_STANDARD_LIBRARIES = YES;
				BUNDLE_LOADER = "$(TEST_HOST)";
				CODE_SIGN_STYLE = Automatic;
				DEVELOPMENT_TEAM = 3H86HRS574;
				INFOPLIST_FILE = RemixMirrorTests/Info.plist;
				LD_RUNPATH_SEARCH_PATHS = "$(inherited) @executable_path/Frameworks @loader_path/Frameworks";
				PRODUCT_BUNDLE_IDENTIFIER = io.cutting.RemixMirrorTests;
				PRODUCT_NAME = "$(TARGET_NAME)";
				SWIFT_VERSION = 4.0;
				TARGETED_DEVICE_FAMILY = "1,2";
				TEST_HOST = "$(BUILT_PRODUCTS_DIR)/RemixMirror.app/RemixMirror";
			};
			name = Debug;
		};
		C8DF4B3F1FBDE49200066C3B /* Release */ = {
			isa = XCBuildConfiguration;
			buildSettings = {
				ALWAYS_EMBED_SWIFT_STANDARD_LIBRARIES = YES;
				BUNDLE_LOADER = "$(TEST_HOST)";
				CODE_SIGN_STYLE = Automatic;
				DEVELOPMENT_TEAM = 3H86HRS574;
				INFOPLIST_FILE = RemixMirrorTests/Info.plist;
				LD_RUNPATH_SEARCH_PATHS = "$(inherited) @executable_path/Frameworks @loader_path/Frameworks";
				PRODUCT_BUNDLE_IDENTIFIER = io.cutting.RemixMirrorTests;
				PRODUCT_NAME = "$(TARGET_NAME)";
				SWIFT_VERSION = 4.0;
				TARGETED_DEVICE_FAMILY = "1,2";
				TEST_HOST = "$(BUILT_PRODUCTS_DIR)/RemixMirror.app/RemixMirror";
			};
			name = Release;
		};
/* End XCBuildConfiguration section */

/* Begin XCConfigurationList section */
		C84CA7321FC0F183004BBF8C /* Build configuration list for PBXNativeTarget "AcceptanceTests" */ = {
			isa = XCConfigurationList;
			buildConfigurations = (
				C84CA7331FC0F183004BBF8C /* Debug */,
				C84CA7341FC0F183004BBF8C /* Release */,
			);
			defaultConfigurationIsVisible = 0;
			defaultConfigurationName = Release;
		};
		C8DF4B181FBDE49200066C3B /* Build configuration list for PBXProject "RemixMirror" */ = {
			isa = XCConfigurationList;
			buildConfigurations = (
				C8DF4B381FBDE49200066C3B /* Debug */,
				C8DF4B391FBDE49200066C3B /* Release */,
			);
			defaultConfigurationIsVisible = 0;
			defaultConfigurationName = Release;
		};
		C8DF4B3A1FBDE49200066C3B /* Build configuration list for PBXNativeTarget "RemixMirror" */ = {
			isa = XCConfigurationList;
			buildConfigurations = (
				C8DF4B3B1FBDE49200066C3B /* Debug */,
				C8DF4B3C1FBDE49200066C3B /* Release */,
			);
			defaultConfigurationIsVisible = 0;
			defaultConfigurationName = Release;
		};
		C8DF4B3D1FBDE49200066C3B /* Build configuration list for PBXNativeTarget "RemixMirrorTests" */ = {
			isa = XCConfigurationList;
			buildConfigurations = (
				C8DF4B3E1FBDE49200066C3B /* Debug */,
				C8DF4B3F1FBDE49200066C3B /* Release */,
			);
			defaultConfigurationIsVisible = 0;
			defaultConfigurationName = Release;
		};
/* End XCConfigurationList section */
	};
	rootObject = C8DF4B151FBDE49200066C3B /* Project object */;
}
